PODS:
  - Alamofire (5.2.0)
  - FlexiblePageControl (1.0.8)
  - lottie-ios (3.1.8)

DEPENDENCIES:
  - Alamofire
  - FlexiblePageControl (~> 1.0.8)
  - lottie-ios (~> 3.1.8)

SPEC REPOS:
  trunk:
    - Alamofire
    - FlexiblePageControl
    - lottie-ios

SPEC CHECKSUMS:
  Alamofire: c1ca147559e730bfb2182c8c7aafbdd90a867987
  FlexiblePageControl: 07f7765054f16b3f0bc3f14dfd95ab5f45817ea4
  lottie-ios: 48fac6be217c76937e36e340e2d09cf7b10b7f5f

PODFILE CHECKSUM: 948da456203657d5ccc54c5cd8e37cd2dfe1ccc0

COCOAPODS: 1.9.3
