// !$*UTF8*$!
{
	archiveVersion = 1;
	classes = {
	};
	objectVersion = 51;
	objects = {

/* Begin PBXBuildFile section */
		0BE507DF34E6144C923BB667 /* Pods_STORM.framework in Frameworks */ = {isa = PBXBuildFile; fileRef = F413571526ADC3ABE1F9D186 /* Pods_STORM.framework */; };
		B800D24624E86D960024CE2F /* login_0816.json in Resources */ = {isa = PBXBuildFile; fileRef = B800D24524E86D960024CE2F /* login_0816.json */; };
		B806015924E50318006AA9EF /* SignUp.storyboard in Resources */ = {isa = PBXBuildFile; fileRef = B806015824E50318006AA9EF /* SignUp.storyboard */; };
		B806015B24E51254006AA9EF /* LogInViewController.swift in Sources */ = {isa = PBXBuildFile; fileRef = B806015A24E51254006AA9EF /* LogInViewController.swift */; };
		B806015D24E5207E006AA9EF /* SignUpViewController.swift in Sources */ = {isa = PBXBuildFile; fileRef = B806015C24E5207E006AA9EF /* SignUpViewController.swift */; };
		B806015F24E527B7006AA9EF /* SignUpProfileViewController.swift in Sources */ = {isa = PBXBuildFile; fileRef = B806015E24E527B7006AA9EF /* SignUpProfileViewController.swift */; };
		B82094D524BCE25700DB543F /* real_loading.json in Resources */ = {isa = PBXBuildFile; fileRef = B82094D424BCE25700DB543F /* real_loading.json */; };
		B8255E8E24D492A700749B62 /* example.jpg in Resources */ = {isa = PBXBuildFile; fileRef = B8255E8D24D492A700749B62 /* example.jpg */; };
		B84697E224D30FAA00E56804 /* MyPage.storyboard in Resources */ = {isa = PBXBuildFile; fileRef = B84697E124D30FAA00E56804 /* MyPage.storyboard */; };
		B84697E524D313FB00E56804 /* ProfileViewController.swift in Sources */ = {isa = PBXBuildFile; fileRef = B84697E424D313FB00E56804 /* ProfileViewController.swift */; };
		B84697E924D3141D00E56804 /* DeleteAccountViewController.swift in Sources */ = {isa = PBXBuildFile; fileRef = B84697E824D3141D00E56804 /* DeleteAccountViewController.swift */; };
		B84697EA24D325A000E56804 /* NotoSansCJKkr-Bold.otf in Resources */ = {isa = PBXBuildFile; fileRef = B84697EC24D325A000E56804 /* NotoSansCJKkr-Bold.otf */; };
		B84697ED24D325A500E56804 /* NotoSansCJKkr-Medium.otf in Resources */ = {isa = PBXBuildFile; fileRef = B84697EF24D325A500E56804 /* NotoSansCJKkr-Medium.otf */; };
		B84697F024D325A800E56804 /* NotoSansCJKkr-Regular.otf in Resources */ = {isa = PBXBuildFile; fileRef = B84697F224D325A800E56804 /* NotoSansCJKkr-Regular.otf */; };
		B878A01224D9692400A8C19F /* CameraPopUpViewController.swift in Sources */ = {isa = PBXBuildFile; fileRef = B878A01124D9692400A8C19F /* CameraPopUpViewController.swift */; };
		B878A01424DA051A00A8C19F /* EnsureDeleteViewController.swift in Sources */ = {isa = PBXBuildFile; fileRef = B878A01324DA051A00A8C19F /* EnsureDeleteViewController.swift */; };
		B8D7DB6D24BF711700DE9D02 /* ScrappedCardTextCell.swift in Sources */ = {isa = PBXBuildFile; fileRef = B8D7DB6C24BF711700DE9D02 /* ScrappedCardTextCell.swift */; };
		B8D7DB6F24BF712B00DE9D02 /* ScrappedCardImageCell.swift in Sources */ = {isa = PBXBuildFile; fileRef = B8D7DB6E24BF712B00DE9D02 /* ScrappedCardImageCell.swift */; };
		B8E34D5924E438C7003538A8 /* LogIn.storyboard in Resources */ = {isa = PBXBuildFile; fileRef = B8E34D5824E438C7003538A8 /* LogIn.storyboard */; };
		B8E9FA7224B9B7CB00A97235 /* InvalidCodePopViewController.swift in Sources */ = {isa = PBXBuildFile; fileRef = B8E9FA7124B9B7CB00A97235 /* InvalidCodePopViewController.swift */; };
		B8E9FA7424B9B7FC00A97235 /* PopUp.storyboard in Resources */ = {isa = PBXBuildFile; fileRef = B8E9FA7324B9B7FC00A97235 /* PopUp.storyboard */; };
		B8E9FA7A24B9FC0500A97235 /* ReminderPopViewController.swift in Sources */ = {isa = PBXBuildFile; fileRef = B8E9FA7924B9FC0500A97235 /* ReminderPopViewController.swift */; };
		B8E9FA7C24B9FC3B00A97235 /* RoundStartPopViewController.swift in Sources */ = {isa = PBXBuildFile; fileRef = B8E9FA7B24B9FC3B00A97235 /* RoundStartPopViewController.swift */; };
		B8E9FA7E24BA059600A97235 /* SettingCodePopViewController.swift in Sources */ = {isa = PBXBuildFile; fileRef = B8E9FA7D24BA059600A97235 /* SettingCodePopViewController.swift */; };
		B8E9FA8024BA3D2E00A97235 /* CancelCardViewController.swift in Sources */ = {isa = PBXBuildFile; fileRef = B8E9FA7F24BA3D2E00A97235 /* CancelCardViewController.swift */; };
		B8E9FA8224BA50D800A97235 /* ChangeToDrawPopViewController.swift in Sources */ = {isa = PBXBuildFile; fileRef = B8E9FA8124BA50D800A97235 /* ChangeToDrawPopViewController.swift */; };
		B8E9FA8424BA50EA00A97235 /* ChangeToTextPopViewController.swift in Sources */ = {isa = PBXBuildFile; fileRef = B8E9FA8324BA50EA00A97235 /* ChangeToTextPopViewController.swift */; };
		B8E9FA8624BA551E00A97235 /* RoundEndPopViewController.swift in Sources */ = {isa = PBXBuildFile; fileRef = B8E9FA8524BA551E00A97235 /* RoundEndPopViewController.swift */; };
		B8E9FA8824BA5A8700A97235 /* SelectNextPopViewController.swift in Sources */ = {isa = PBXBuildFile; fileRef = B8E9FA8724BA5A8700A97235 /* SelectNextPopViewController.swift */; };
		B8E9FA8A24BA5C8E00A97235 /* EndProjectPopViewController.swift in Sources */ = {isa = PBXBuildFile; fileRef = B8E9FA8924BA5C8E00A97235 /* EndProjectPopViewController.swift */; };
		B8F5636024DB1AD40036C768 /* LogoutPopUpViewController.swift in Sources */ = {isa = PBXBuildFile; fileRef = B8F5635F24DB1AD40036C768 /* LogoutPopUpViewController.swift */; };
		D12EC23E24AB4070007E5896 /* AppDelegate.swift in Sources */ = {isa = PBXBuildFile; fileRef = D12EC23D24AB4070007E5896 /* AppDelegate.swift */; };
		D12EC24824AB4070007E5896 /* STORM.xcdatamodeld in Sources */ = {isa = PBXBuildFile; fileRef = D12EC24624AB4070007E5896 /* STORM.xcdatamodeld */; };
		D12EC24A24AB4072007E5896 /* Assets.xcassets in Resources */ = {isa = PBXBuildFile; fileRef = D12EC24924AB4072007E5896 /* Assets.xcassets */; };
		D12EC24D24AB4072007E5896 /* LaunchScreen.storyboard in Resources */ = {isa = PBXBuildFile; fileRef = D12EC24B24AB4072007E5896 /* LaunchScreen.storyboard */; };
		D147598524AB4DA3006C4122 /* SceneDelegate.swift in Sources */ = {isa = PBXBuildFile; fileRef = D147598424AB4DA3006C4122 /* SceneDelegate.swift */; };
		D147B40324BDABAA0064B026 /* Card.swift in Sources */ = {isa = PBXBuildFile; fileRef = D147B40224BDABAA0064B026 /* Card.swift */; };
		D15088AB24BD98DD007D9596 /* Round.swift in Sources */ = {isa = PBXBuildFile; fileRef = D15088AA24BD98DC007D9596 /* Round.swift */; };
		D154C46424BEECF700FC95C9 /* UIImage.swift in Sources */ = {isa = PBXBuildFile; fileRef = D154C46324BEECF700FC95C9 /* UIImage.swift */; };
		D15EA3EE24BF3FD900D3017F /* MemoCell.swift in Sources */ = {isa = PBXBuildFile; fileRef = D15EA3ED24BF3FD900D3017F /* MemoCell.swift */; };
		D15EA3F024BF3FE800D3017F /* DrawingCell.swift in Sources */ = {isa = PBXBuildFile; fileRef = D15EA3EF24BF3FE800D3017F /* DrawingCell.swift */; };
		D186EFF924BF5E4F00D67FAD /* AllRoundViewController.swift in Sources */ = {isa = PBXBuildFile; fileRef = D186EFF824BF5E4F00D67FAD /* AllRoundViewController.swift */; };
		D186EFFD24BF840000D67FAD /* MainViewController.swift in Sources */ = {isa = PBXBuildFile; fileRef = D186EFFC24BF840000D67FAD /* MainViewController.swift */; };
		D186EFFF24BF863100D67FAD /* ProjectSummaryCell.swift in Sources */ = {isa = PBXBuildFile; fileRef = D186EFFE24BF863100D67FAD /* ProjectSummaryCell.swift */; };
		D186F00324BFAE3E00D67FAD /* AllProjectViewController.swift in Sources */ = {isa = PBXBuildFile; fileRef = D186F00224BFAE3D00D67FAD /* AllProjectViewController.swift */; };
		D18D89B624B3A6FF00D8779E /* UIView.swift in Sources */ = {isa = PBXBuildFile; fileRef = D18D89B524B3A6FF00D8779E /* UIView.swift */; };
		D19533B724BCB072008DB22F /* Member.swift in Sources */ = {isa = PBXBuildFile; fileRef = D19533B624BCB072008DB22F /* Member.swift */; };
		D1E5837324BC95690013FB7C /* Canvas.swift in Sources */ = {isa = PBXBuildFile; fileRef = D1E5837124BC95690013FB7C /* Canvas.swift */; };
		D1E5837424BC95690013FB7C /* AddCardViewController.swift in Sources */ = {isa = PBXBuildFile; fileRef = D1E5837224BC95690013FB7C /* AddCardViewController.swift */; };
		D1E5837F24BC95990013FB7C /* CollecViewController2.swift in Sources */ = {isa = PBXBuildFile; fileRef = D1E5837524BC95970013FB7C /* CollecViewController2.swift */; };
		D1E5838024BC95990013FB7C /* UPCarouselFlow.swift in Sources */ = {isa = PBXBuildFile; fileRef = D1E5837624BC95970013FB7C /* UPCarouselFlow.swift */; };
		D1E5838124BC95990013FB7C /* CollecViewController4.swift in Sources */ = {isa = PBXBuildFile; fileRef = D1E5837724BC95980013FB7C /* CollecViewController4.swift */; };
		D1E5838224BC95990013FB7C /* CollectionFlowLayout.swift in Sources */ = {isa = PBXBuildFile; fileRef = D1E5837824BC95980013FB7C /* CollectionFlowLayout.swift */; };
		D1E5838324BC95990013FB7C /* CollecViewController.swift in Sources */ = {isa = PBXBuildFile; fileRef = D1E5837924BC95980013FB7C /* CollecViewController.swift */; };
		D1E5838524BC95990013FB7C /* RoundMeetingViewController.swift in Sources */ = {isa = PBXBuildFile; fileRef = D1E5837B24BC95980013FB7C /* RoundMeetingViewController.swift */; };
		D1E5838624BC95990013FB7C /* NetworkTestViewController.swift in Sources */ = {isa = PBXBuildFile; fileRef = D1E5837C24BC95980013FB7C /* NetworkTestViewController.swift */; };
		D1E5838724BC95990013FB7C /* SocketIOManager.swift in Sources */ = {isa = PBXBuildFile; fileRef = D1E5837D24BC95990013FB7C /* SocketIOManager.swift */; };
		D1E5838A24BC95BB0013FB7C /* CollecViewController3.swift in Sources */ = {isa = PBXBuildFile; fileRef = D1E5838924BC95BB0013FB7C /* CollecViewController3.swift */; };
		D1E5838C24BC96270013FB7C /* UIViewController.swift in Sources */ = {isa = PBXBuildFile; fileRef = D1E5838B24BC96270013FB7C /* UIViewController.swift */; };
		D1E5838F24BC964F0013FB7C /* User.swift in Sources */ = {isa = PBXBuildFile; fileRef = D1E5838E24BC964E0013FB7C /* User.swift */; };
		D1E5839424BC965C0013FB7C /* NetworkManager.swift in Sources */ = {isa = PBXBuildFile; fileRef = D1E5839124BC965C0013FB7C /* NetworkManager.swift */; };
		D1E5839524BC965C0013FB7C /* Project.swift in Sources */ = {isa = PBXBuildFile; fileRef = D1E5839224BC965C0013FB7C /* Project.swift */; };
		D1E5839624BC965C0013FB7C /* Response.swift in Sources */ = {isa = PBXBuildFile; fileRef = D1E5839324BC965C0013FB7C /* Response.swift */; };
		D1E5839824BC96C00013FB7C /* Main.storyboard in Resources */ = {isa = PBXBuildFile; fileRef = D1E5839724BC96C00013FB7C /* Main.storyboard */; };
		D756DF8A24B5908900551E12 /* PopupAnimationExtension.swift in Sources */ = {isa = PBXBuildFile; fileRef = D756DF8924B5908900551E12 /* PopupAnimationExtension.swift */; };
		D75ECBE424B6443B00CB46C3 /* MemberRoundSettingViewController.swift in Sources */ = {isa = PBXBuildFile; fileRef = D75ECBE324B6443B00CB46C3 /* MemberRoundSettingViewController.swift */; };
		D75ECBE624B6BD2500CB46C3 /* RoundStartAlertPopupViewController.swift in Sources */ = {isa = PBXBuildFile; fileRef = D75ECBE524B6BD2500CB46C3 /* RoundStartAlertPopupViewController.swift */; };
		D75ECBE924B6C7A900CB46C3 /* ProjectForHost.storyboard in Resources */ = {isa = PBXBuildFile; fileRef = D75ECBE824B6C7A900CB46C3 /* ProjectForHost.storyboard */; };
		D75ECBEC24B6C7EF00CB46C3 /* HostProjectSettingViewController.swift in Sources */ = {isa = PBXBuildFile; fileRef = D75ECBEB24B6C7EF00CB46C3 /* HostProjectSettingViewController.swift */; };
		D761568F24B8D4AD00D4D484 /* UITextField.swift in Sources */ = {isa = PBXBuildFile; fileRef = D761568E24B8D4AD00D4D484 /* UITextField.swift */; };
		D761569124BADDEC00D4D484 /* HostRoundStartViewController.swift in Sources */ = {isa = PBXBuildFile; fileRef = D761569024BADDEC00D4D484 /* HostRoundStartViewController.swift */; };
		D761569324BB005A00D4D484 /* HostProjectWaitingViewController.swift in Sources */ = {isa = PBXBuildFile; fileRef = D761569224BB005A00D4D484 /* HostProjectWaitingViewController.swift */; };
		D761569524BB487600D4D484 /* UIColor+Extensions.swift in Sources */ = {isa = PBXBuildFile; fileRef = D761569424BB487600D4D484 /* UIColor+Extensions.swift */; };
		D781D6FB24B4A66F00AAE389 /* RoundFinished.storyboard in Resources */ = {isa = PBXBuildFile; fileRef = D781D6EB24B4A66F00AAE389 /* RoundFinished.storyboard */; };
		D781D6FC24B4A66F00AAE389 /* LayerExtension.swift in Sources */ = {isa = PBXBuildFile; fileRef = D781D6EC24B4A66F00AAE389 /* LayerExtension.swift */; };
		D781D6FD24B4A66F00AAE389 /* ProjectWaitingViewController.swift in Sources */ = {isa = PBXBuildFile; fileRef = D781D6EE24B4A66F00AAE389 /* ProjectWaitingViewController.swift */; };
		D781D6FF24B4A66F00AAE389 /* ReminderPopupViewController.swift in Sources */ = {isa = PBXBuildFile; fileRef = D781D6F024B4A66F00AAE389 /* ReminderPopupViewController.swift */; };
		D781D70024B4A66F00AAE389 /* ScrapCardMemoViewController.swift in Sources */ = {isa = PBXBuildFile; fileRef = D781D6F124B4A66F00AAE389 /* ScrapCardMemoViewController.swift */; };
		D781D70124B4A66F00AAE389 /* ScrapCardViewController.swift in Sources */ = {isa = PBXBuildFile; fileRef = D781D6F224B4A66F00AAE389 /* ScrapCardViewController.swift */; };
		D781D70224B4A66F00AAE389 /* RoundCollectionViewCell.swift in Sources */ = {isa = PBXBuildFile; fileRef = D781D6F424B4A66F00AAE389 /* RoundCollectionViewCell.swift */; };
		D781D70324B4A66F00AAE389 /* ProjectWaitingTableViewCell.xib in Resources */ = {isa = PBXBuildFile; fileRef = D781D6F524B4A66F00AAE389 /* ProjectWaitingTableViewCell.xib */; };
		D781D70424B4A66F00AAE389 /* CardCollectionViewCell.xib in Resources */ = {isa = PBXBuildFile; fileRef = D781D6F624B4A66F00AAE389 /* CardCollectionViewCell.xib */; };
		D781D70524B4A66F00AAE389 /* ProjectWaitingTableViewCell.swift in Sources */ = {isa = PBXBuildFile; fileRef = D781D6F724B4A66F00AAE389 /* ProjectWaitingTableViewCell.swift */; };
		D781D70624B4A66F00AAE389 /* CardCollectionViewCell.swift in Sources */ = {isa = PBXBuildFile; fileRef = D781D6F824B4A66F00AAE389 /* CardCollectionViewCell.swift */; };
		D781D70724B4A66F00AAE389 /* RoundCollectionViewCell.xib in Resources */ = {isa = PBXBuildFile; fileRef = D781D6F924B4A66F00AAE389 /* RoundCollectionViewCell.xib */; };
		D781D70F24B4B07100AAE389 /* FinishedRoundViewController.swift in Sources */ = {isa = PBXBuildFile; fileRef = D781D70E24B4B07100AAE389 /* FinishedRoundViewController.swift */; };
		D781D71324B4E3D600AAE389 /* NavigationControllerExtension.swift in Sources */ = {isa = PBXBuildFile; fileRef = D781D71224B4E3D600AAE389 /* NavigationControllerExtension.swift */; };
		D781D71624B5131C00AAE389 /* ProjectForMember.storyboard in Resources */ = {isa = PBXBuildFile; fileRef = D781D71524B5131C00AAE389 /* ProjectForMember.storyboard */; };
		D7EB706524B7459F0041B9CA /* loading3.json in Resources */ = {isa = PBXBuildFile; fileRef = D7EB706424B7459E0041B9CA /* loading3.json */; };
		D7EB706A24B8B75A0041B9CA /* HostRoundSettingViewController.swift in Sources */ = {isa = PBXBuildFile; fileRef = D7EB706924B8B75A0041B9CA /* HostRoundSettingViewController.swift */; };
/* End PBXBuildFile section */

/* Begin PBXFileReference section */
		446905E67F662B2207C7B0E7 /* Pods-STORM.debug.xcconfig */ = {isa = PBXFileReference; includeInIndex = 1; lastKnownFileType = text.xcconfig; name = "Pods-STORM.debug.xcconfig"; path = "Target Support Files/Pods-STORM/Pods-STORM.debug.xcconfig"; sourceTree = "<group>"; };
		B800D24524E86D960024CE2F /* login_0816.json */ = {isa = PBXFileReference; fileEncoding = 4; lastKnownFileType = text.json; name = login_0816.json; path = STORM/login_0816.json; sourceTree = SOURCE_ROOT; };
		B806015824E50318006AA9EF /* SignUp.storyboard */ = {isa = PBXFileReference; lastKnownFileType = file.storyboard; path = SignUp.storyboard; sourceTree = "<group>"; };
		B806015A24E51254006AA9EF /* LogInViewController.swift */ = {isa = PBXFileReference; lastKnownFileType = sourcecode.swift; path = LogInViewController.swift; sourceTree = "<group>"; };
		B806015C24E5207E006AA9EF /* SignUpViewController.swift */ = {isa = PBXFileReference; lastKnownFileType = sourcecode.swift; path = SignUpViewController.swift; sourceTree = "<group>"; };
		B806015E24E527B7006AA9EF /* SignUpProfileViewController.swift */ = {isa = PBXFileReference; lastKnownFileType = sourcecode.swift; path = SignUpProfileViewController.swift; sourceTree = "<group>"; };
		B82094D424BCE25700DB543F /* real_loading.json */ = {isa = PBXFileReference; fileEncoding = 4; lastKnownFileType = text.json; path = real_loading.json; sourceTree = "<group>"; };
		B8255E8D24D492A700749B62 /* example.jpg */ = {isa = PBXFileReference; lastKnownFileType = image.jpeg; name = example.jpg; path = Assets.xcassets/example.jpg; sourceTree = "<group>"; };
		B84697E124D30FAA00E56804 /* MyPage.storyboard */ = {isa = PBXFileReference; lastKnownFileType = file.storyboard; path = MyPage.storyboard; sourceTree = "<group>"; };
		B84697E424D313FB00E56804 /* ProfileViewController.swift */ = {isa = PBXFileReference; lastKnownFileType = sourcecode.swift; path = ProfileViewController.swift; sourceTree = "<group>"; };
		B84697E824D3141D00E56804 /* DeleteAccountViewController.swift */ = {isa = PBXFileReference; lastKnownFileType = sourcecode.swift; path = DeleteAccountViewController.swift; sourceTree = "<group>"; };
		B84697F324D3261200E56804 /* en */ = {isa = PBXFileReference; lastKnownFileType = file; name = en; path = "en.lproj/NotoSansCJKkr-Bold.otf"; sourceTree = "<group>"; };
		B84697F424D3261700E56804 /* en */ = {isa = PBXFileReference; lastKnownFileType = file; name = en; path = "en.lproj/NotoSansCJKkr-Medium.otf"; sourceTree = "<group>"; };
		B84697F524D3261A00E56804 /* en */ = {isa = PBXFileReference; lastKnownFileType = file; name = en; path = "en.lproj/NotoSansCJKkr-Regular.otf"; sourceTree = "<group>"; };
		B878A01124D9692400A8C19F /* CameraPopUpViewController.swift */ = {isa = PBXFileReference; lastKnownFileType = sourcecode.swift; path = CameraPopUpViewController.swift; sourceTree = "<group>"; };
		B878A01324DA051A00A8C19F /* EnsureDeleteViewController.swift */ = {isa = PBXFileReference; lastKnownFileType = sourcecode.swift; path = EnsureDeleteViewController.swift; sourceTree = "<group>"; };
		B8D7DB6C24BF711700DE9D02 /* ScrappedCardTextCell.swift */ = {isa = PBXFileReference; lastKnownFileType = sourcecode.swift; path = ScrappedCardTextCell.swift; sourceTree = "<group>"; };
		B8D7DB6E24BF712B00DE9D02 /* ScrappedCardImageCell.swift */ = {isa = PBXFileReference; lastKnownFileType = sourcecode.swift; path = ScrappedCardImageCell.swift; sourceTree = "<group>"; };
		B8E2B65124B254890098F677 /* NotoSansCJKkr-Bold.otf */ = {isa = PBXFileReference; lastKnownFileType = file; name = "NotoSansCJKkr-Bold.otf"; path = "/Downloads/NotoSansCJKkr-Bold.otf"; sourceTree = "<absolute>"; };
		B8E2B65224B254890098F677 /* NotoSansCJKkr-Medium.otf */ = {isa = PBXFileReference; lastKnownFileType = file; name = "NotoSansCJKkr-Medium.otf"; path = "/Downloads/NotoSansCJKkr-Medium.otf"; sourceTree = "<absolute>"; };
		B8E2B65324B254890098F677 /* NotoSansCJKkr-Regular.otf */ = {isa = PBXFileReference; lastKnownFileType = file; name = "NotoSansCJKkr-Regular.otf"; path = "/Downloads/NotoSansCJKkr-Regular.otf"; sourceTree = "<absolute>"; };
		B8E34D5824E438C7003538A8 /* LogIn.storyboard */ = {isa = PBXFileReference; lastKnownFileType = file.storyboard; path = LogIn.storyboard; sourceTree = "<group>"; };
		B8E9FA7124B9B7CB00A97235 /* InvalidCodePopViewController.swift */ = {isa = PBXFileReference; lastKnownFileType = sourcecode.swift; path = InvalidCodePopViewController.swift; sourceTree = "<group>"; };
		B8E9FA7324B9B7FC00A97235 /* PopUp.storyboard */ = {isa = PBXFileReference; lastKnownFileType = file.storyboard; path = PopUp.storyboard; sourceTree = "<group>"; };
		B8E9FA7924B9FC0500A97235 /* ReminderPopViewController.swift */ = {isa = PBXFileReference; lastKnownFileType = sourcecode.swift; path = ReminderPopViewController.swift; sourceTree = "<group>"; };
		B8E9FA7B24B9FC3B00A97235 /* RoundStartPopViewController.swift */ = {isa = PBXFileReference; lastKnownFileType = sourcecode.swift; path = RoundStartPopViewController.swift; sourceTree = "<group>"; };
		B8E9FA7D24BA059600A97235 /* SettingCodePopViewController.swift */ = {isa = PBXFileReference; lastKnownFileType = sourcecode.swift; path = SettingCodePopViewController.swift; sourceTree = "<group>"; };
		B8E9FA7F24BA3D2E00A97235 /* CancelCardViewController.swift */ = {isa = PBXFileReference; lastKnownFileType = sourcecode.swift; path = CancelCardViewController.swift; sourceTree = "<group>"; };
		B8E9FA8124BA50D800A97235 /* ChangeToDrawPopViewController.swift */ = {isa = PBXFileReference; lastKnownFileType = sourcecode.swift; path = ChangeToDrawPopViewController.swift; sourceTree = "<group>"; };
		B8E9FA8324BA50EA00A97235 /* ChangeToTextPopViewController.swift */ = {isa = PBXFileReference; lastKnownFileType = sourcecode.swift; path = ChangeToTextPopViewController.swift; sourceTree = "<group>"; };
		B8E9FA8524BA551E00A97235 /* RoundEndPopViewController.swift */ = {isa = PBXFileReference; lastKnownFileType = sourcecode.swift; path = RoundEndPopViewController.swift; sourceTree = "<group>"; };
		B8E9FA8724BA5A8700A97235 /* SelectNextPopViewController.swift */ = {isa = PBXFileReference; lastKnownFileType = sourcecode.swift; path = SelectNextPopViewController.swift; sourceTree = "<group>"; };
		B8E9FA8924BA5C8E00A97235 /* EndProjectPopViewController.swift */ = {isa = PBXFileReference; lastKnownFileType = sourcecode.swift; path = EndProjectPopViewController.swift; sourceTree = "<group>"; };
		B8F5635F24DB1AD40036C768 /* LogoutPopUpViewController.swift */ = {isa = PBXFileReference; lastKnownFileType = sourcecode.swift; path = LogoutPopUpViewController.swift; sourceTree = "<group>"; };
		D12EC23A24AB4070007E5896 /* STORM.app */ = {isa = PBXFileReference; explicitFileType = wrapper.application; includeInIndex = 0; path = STORM.app; sourceTree = BUILT_PRODUCTS_DIR; };
		D12EC23D24AB4070007E5896 /* AppDelegate.swift */ = {isa = PBXFileReference; lastKnownFileType = sourcecode.swift; path = AppDelegate.swift; sourceTree = "<group>"; };
		D12EC24724AB4070007E5896 /* STORM.xcdatamodel */ = {isa = PBXFileReference; lastKnownFileType = wrapper.xcdatamodel; path = STORM.xcdatamodel; sourceTree = "<group>"; };
		D12EC24924AB4072007E5896 /* Assets.xcassets */ = {isa = PBXFileReference; lastKnownFileType = folder.assetcatalog; path = Assets.xcassets; sourceTree = "<group>"; };
		D12EC24C24AB4072007E5896 /* Base */ = {isa = PBXFileReference; lastKnownFileType = file.storyboard; name = Base; path = Base.lproj/LaunchScreen.storyboard; sourceTree = "<group>"; };
		D12EC24E24AB4072007E5896 /* Info.plist */ = {isa = PBXFileReference; lastKnownFileType = text.plist.xml; path = Info.plist; sourceTree = "<group>"; };
		D147598424AB4DA3006C4122 /* SceneDelegate.swift */ = {isa = PBXFileReference; lastKnownFileType = sourcecode.swift; path = SceneDelegate.swift; sourceTree = "<group>"; };
		D147B40224BDABAA0064B026 /* Card.swift */ = {isa = PBXFileReference; lastKnownFileType = sourcecode.swift; path = Card.swift; sourceTree = "<group>"; };
		D15088AA24BD98DC007D9596 /* Round.swift */ = {isa = PBXFileReference; lastKnownFileType = sourcecode.swift; path = Round.swift; sourceTree = "<group>"; };
		D154C46324BEECF700FC95C9 /* UIImage.swift */ = {isa = PBXFileReference; lastKnownFileType = sourcecode.swift; path = UIImage.swift; sourceTree = "<group>"; };
		D15EA3ED24BF3FD900D3017F /* MemoCell.swift */ = {isa = PBXFileReference; lastKnownFileType = sourcecode.swift; path = MemoCell.swift; sourceTree = "<group>"; };
		D15EA3EF24BF3FE800D3017F /* DrawingCell.swift */ = {isa = PBXFileReference; lastKnownFileType = sourcecode.swift; path = DrawingCell.swift; sourceTree = "<group>"; };
		D17935B624B1AF7900811173 /* CollecViewController3.swift */ = {isa = PBXFileReference; lastKnownFileType = sourcecode.swift; path = CollecViewController3.swift; sourceTree = "<group>"; };
		D17935C524B1DCF500811173 /* NotoSansCJKkr-Medium.otf */ = {isa = PBXFileReference; lastKnownFileType = file; name = "NotoSansCJKkr-Medium.otf"; path = "/Downloads/NotoSansCJKkr-hinted-2/NotoSansCJKkr-Medium.otf"; sourceTree = "<absolute>"; };
		D17935C724B1DCF500811173 /* NotoSansCJKkr-Bold.otf */ = {isa = PBXFileReference; lastKnownFileType = file; name = "NotoSansCJKkr-Bold.otf"; path = "../../../../../Downloads/NotoSansCJKkr-hinted-2/NotoSansCJKkr-Bold.otf"; sourceTree = "<group>"; };
		D17935CD24B1F80C00811173 /* TestCell.swift */ = {isa = PBXFileReference; lastKnownFileType = sourcecode.swift; path = TestCell.swift; sourceTree = "<group>"; };
		D17935CE24B1F80C00811173 /* TestCell.xib */ = {isa = PBXFileReference; lastKnownFileType = file.xib; path = TestCell.xib; sourceTree = "<group>"; };
		D186EFF824BF5E4F00D67FAD /* AllRoundViewController.swift */ = {isa = PBXFileReference; lastKnownFileType = sourcecode.swift; path = AllRoundViewController.swift; sourceTree = "<group>"; };
		D186EFFC24BF840000D67FAD /* MainViewController.swift */ = {isa = PBXFileReference; lastKnownFileType = sourcecode.swift; path = MainViewController.swift; sourceTree = "<group>"; };
		D186EFFE24BF863100D67FAD /* ProjectSummaryCell.swift */ = {isa = PBXFileReference; lastKnownFileType = sourcecode.swift; path = ProjectSummaryCell.swift; sourceTree = "<group>"; };
		D186F00224BFAE3D00D67FAD /* AllProjectViewController.swift */ = {isa = PBXFileReference; lastKnownFileType = sourcecode.swift; path = AllProjectViewController.swift; sourceTree = "<group>"; };
		D18D89B524B3A6FF00D8779E /* UIView.swift */ = {isa = PBXFileReference; lastKnownFileType = sourcecode.swift; path = UIView.swift; sourceTree = "<group>"; };
		D19533B624BCB072008DB22F /* Member.swift */ = {isa = PBXFileReference; lastKnownFileType = sourcecode.swift; path = Member.swift; sourceTree = "<group>"; };
		D1E5837124BC95690013FB7C /* Canvas.swift */ = {isa = PBXFileReference; fileEncoding = 4; lastKnownFileType = sourcecode.swift; path = Canvas.swift; sourceTree = "<group>"; };
		D1E5837224BC95690013FB7C /* AddCardViewController.swift */ = {isa = PBXFileReference; fileEncoding = 4; lastKnownFileType = sourcecode.swift; path = AddCardViewController.swift; sourceTree = "<group>"; };
		D1E5837524BC95970013FB7C /* CollecViewController2.swift */ = {isa = PBXFileReference; fileEncoding = 4; lastKnownFileType = sourcecode.swift; path = CollecViewController2.swift; sourceTree = "<group>"; };
		D1E5837624BC95970013FB7C /* UPCarouselFlow.swift */ = {isa = PBXFileReference; fileEncoding = 4; lastKnownFileType = sourcecode.swift; path = UPCarouselFlow.swift; sourceTree = "<group>"; };
		D1E5837724BC95980013FB7C /* CollecViewController4.swift */ = {isa = PBXFileReference; fileEncoding = 4; lastKnownFileType = sourcecode.swift; path = CollecViewController4.swift; sourceTree = "<group>"; };
		D1E5837824BC95980013FB7C /* CollectionFlowLayout.swift */ = {isa = PBXFileReference; fileEncoding = 4; lastKnownFileType = sourcecode.swift; path = CollectionFlowLayout.swift; sourceTree = "<group>"; };
		D1E5837924BC95980013FB7C /* CollecViewController.swift */ = {isa = PBXFileReference; fileEncoding = 4; lastKnownFileType = sourcecode.swift; path = CollecViewController.swift; sourceTree = "<group>"; };
		D1E5837B24BC95980013FB7C /* RoundMeetingViewController.swift */ = {isa = PBXFileReference; fileEncoding = 4; lastKnownFileType = sourcecode.swift; path = RoundMeetingViewController.swift; sourceTree = "<group>"; };
		D1E5837C24BC95980013FB7C /* NetworkTestViewController.swift */ = {isa = PBXFileReference; fileEncoding = 4; lastKnownFileType = sourcecode.swift; path = NetworkTestViewController.swift; sourceTree = "<group>"; };
		D1E5837D24BC95990013FB7C /* SocketIOManager.swift */ = {isa = PBXFileReference; fileEncoding = 4; lastKnownFileType = sourcecode.swift; path = SocketIOManager.swift; sourceTree = "<group>"; };
		D1E5838924BC95BB0013FB7C /* CollecViewController3.swift */ = {isa = PBXFileReference; fileEncoding = 4; lastKnownFileType = sourcecode.swift; path = CollecViewController3.swift; sourceTree = "<group>"; };
		D1E5838B24BC96270013FB7C /* UIViewController.swift */ = {isa = PBXFileReference; fileEncoding = 4; lastKnownFileType = sourcecode.swift; path = UIViewController.swift; sourceTree = "<group>"; };
		D1E5838E24BC964E0013FB7C /* User.swift */ = {isa = PBXFileReference; fileEncoding = 4; lastKnownFileType = sourcecode.swift; path = User.swift; sourceTree = "<group>"; };
		D1E5839124BC965C0013FB7C /* NetworkManager.swift */ = {isa = PBXFileReference; fileEncoding = 4; lastKnownFileType = sourcecode.swift; path = NetworkManager.swift; sourceTree = "<group>"; };
		D1E5839224BC965C0013FB7C /* Project.swift */ = {isa = PBXFileReference; fileEncoding = 4; lastKnownFileType = sourcecode.swift; path = Project.swift; sourceTree = "<group>"; };
		D1E5839324BC965C0013FB7C /* Response.swift */ = {isa = PBXFileReference; fileEncoding = 4; lastKnownFileType = sourcecode.swift; path = Response.swift; sourceTree = "<group>"; };
		D1E5839724BC96C00013FB7C /* Main.storyboard */ = {isa = PBXFileReference; fileEncoding = 4; lastKnownFileType = file.storyboard; path = Main.storyboard; sourceTree = "<group>"; };
		D743C56E24AF5D8C00FF6ED4 /* RoundCollectionViewCell.swift */ = {isa = PBXFileReference; lastKnownFileType = sourcecode.swift; path = RoundCollectionViewCell.swift; sourceTree = "<group>"; };
		D743C57224AF5F8600FF6ED4 /* FinalViewController.swift */ = {isa = PBXFileReference; lastKnownFileType = sourcecode.swift; path = FinalViewController.swift; sourceTree = "<group>"; };
		D756DF8924B5908900551E12 /* PopupAnimationExtension.swift */ = {isa = PBXFileReference; lastKnownFileType = sourcecode.swift; path = PopupAnimationExtension.swift; sourceTree = "<group>"; };
		D75ECBE324B6443B00CB46C3 /* MemberRoundSettingViewController.swift */ = {isa = PBXFileReference; lastKnownFileType = sourcecode.swift; path = MemberRoundSettingViewController.swift; sourceTree = "<group>"; };
		D75ECBE524B6BD2500CB46C3 /* RoundStartAlertPopupViewController.swift */ = {isa = PBXFileReference; lastKnownFileType = sourcecode.swift; path = RoundStartAlertPopupViewController.swift; sourceTree = "<group>"; };
		D75ECBE824B6C7A900CB46C3 /* ProjectForHost.storyboard */ = {isa = PBXFileReference; lastKnownFileType = file.storyboard; path = ProjectForHost.storyboard; sourceTree = "<group>"; };
		D75ECBEB24B6C7EF00CB46C3 /* HostProjectSettingViewController.swift */ = {isa = PBXFileReference; lastKnownFileType = sourcecode.swift; path = HostProjectSettingViewController.swift; sourceTree = "<group>"; };
		D761568E24B8D4AD00D4D484 /* UITextField.swift */ = {isa = PBXFileReference; lastKnownFileType = sourcecode.swift; path = UITextField.swift; sourceTree = "<group>"; };
		D761569024BADDEC00D4D484 /* HostRoundStartViewController.swift */ = {isa = PBXFileReference; lastKnownFileType = sourcecode.swift; path = HostRoundStartViewController.swift; sourceTree = "<group>"; };
		D761569224BB005A00D4D484 /* HostProjectWaitingViewController.swift */ = {isa = PBXFileReference; lastKnownFileType = sourcecode.swift; path = HostProjectWaitingViewController.swift; sourceTree = "<group>"; };
		D761569424BB487600D4D484 /* UIColor+Extensions.swift */ = {isa = PBXFileReference; lastKnownFileType = sourcecode.swift; path = "UIColor+Extensions.swift"; sourceTree = "<group>"; };
		D76A2E6C24ADBEAD00D0CF4E /* Wrapup.storyboard */ = {isa = PBXFileReference; lastKnownFileType = file.storyboard; path = Wrapup.storyboard; sourceTree = "<group>"; };
		D781D6EB24B4A66F00AAE389 /* RoundFinished.storyboard */ = {isa = PBXFileReference; fileEncoding = 4; lastKnownFileType = file.storyboard; path = RoundFinished.storyboard; sourceTree = "<group>"; };
		D781D6EC24B4A66F00AAE389 /* LayerExtension.swift */ = {isa = PBXFileReference; fileEncoding = 4; lastKnownFileType = sourcecode.swift; path = LayerExtension.swift; sourceTree = "<group>"; };
		D781D6EE24B4A66F00AAE389 /* ProjectWaitingViewController.swift */ = {isa = PBXFileReference; fileEncoding = 4; lastKnownFileType = sourcecode.swift; path = ProjectWaitingViewController.swift; sourceTree = "<group>"; };
		D781D6F024B4A66F00AAE389 /* ReminderPopupViewController.swift */ = {isa = PBXFileReference; fileEncoding = 4; lastKnownFileType = sourcecode.swift; path = ReminderPopupViewController.swift; sourceTree = "<group>"; };
		D781D6F124B4A66F00AAE389 /* ScrapCardMemoViewController.swift */ = {isa = PBXFileReference; fileEncoding = 4; lastKnownFileType = sourcecode.swift; path = ScrapCardMemoViewController.swift; sourceTree = "<group>"; };
		D781D6F224B4A66F00AAE389 /* ScrapCardViewController.swift */ = {isa = PBXFileReference; fileEncoding = 4; lastKnownFileType = sourcecode.swift; path = ScrapCardViewController.swift; sourceTree = "<group>"; };
		D781D6F424B4A66F00AAE389 /* RoundCollectionViewCell.swift */ = {isa = PBXFileReference; fileEncoding = 4; lastKnownFileType = sourcecode.swift; path = RoundCollectionViewCell.swift; sourceTree = "<group>"; };
		D781D6F524B4A66F00AAE389 /* ProjectWaitingTableViewCell.xib */ = {isa = PBXFileReference; fileEncoding = 4; lastKnownFileType = file.xib; path = ProjectWaitingTableViewCell.xib; sourceTree = "<group>"; };
		D781D6F624B4A66F00AAE389 /* CardCollectionViewCell.xib */ = {isa = PBXFileReference; fileEncoding = 4; lastKnownFileType = file.xib; path = CardCollectionViewCell.xib; sourceTree = "<group>"; };
		D781D6F724B4A66F00AAE389 /* ProjectWaitingTableViewCell.swift */ = {isa = PBXFileReference; fileEncoding = 4; lastKnownFileType = sourcecode.swift; path = ProjectWaitingTableViewCell.swift; sourceTree = "<group>"; };
		D781D6F824B4A66F00AAE389 /* CardCollectionViewCell.swift */ = {isa = PBXFileReference; fileEncoding = 4; lastKnownFileType = sourcecode.swift; path = CardCollectionViewCell.swift; sourceTree = "<group>"; };
		D781D6F924B4A66F00AAE389 /* RoundCollectionViewCell.xib */ = {isa = PBXFileReference; fileEncoding = 4; lastKnownFileType = file.xib; path = RoundCollectionViewCell.xib; sourceTree = "<group>"; };
		D781D70E24B4B07100AAE389 /* FinishedRoundViewController.swift */ = {isa = PBXFileReference; lastKnownFileType = sourcecode.swift; path = FinishedRoundViewController.swift; sourceTree = "<group>"; };
		D781D71224B4E3D600AAE389 /* NavigationControllerExtension.swift */ = {isa = PBXFileReference; lastKnownFileType = sourcecode.swift; path = NavigationControllerExtension.swift; sourceTree = "<group>"; };
		D781D71524B5131C00AAE389 /* ProjectForMember.storyboard */ = {isa = PBXFileReference; lastKnownFileType = file.storyboard; path = ProjectForMember.storyboard; sourceTree = "<group>"; };
		D7EB706424B7459E0041B9CA /* loading3.json */ = {isa = PBXFileReference; fileEncoding = 4; lastKnownFileType = text.json; path = loading3.json; sourceTree = "<group>"; };
		D7EB706924B8B75A0041B9CA /* HostRoundSettingViewController.swift */ = {isa = PBXFileReference; lastKnownFileType = sourcecode.swift; path = HostRoundSettingViewController.swift; sourceTree = "<group>"; };
		F413571526ADC3ABE1F9D186 /* Pods_STORM.framework */ = {isa = PBXFileReference; explicitFileType = wrapper.framework; includeInIndex = 0; path = Pods_STORM.framework; sourceTree = BUILT_PRODUCTS_DIR; };
		F68B1EA2A7FA6388C84C951E /* Pods-STORM.release.xcconfig */ = {isa = PBXFileReference; includeInIndex = 1; lastKnownFileType = text.xcconfig; name = "Pods-STORM.release.xcconfig"; path = "Target Support Files/Pods-STORM/Pods-STORM.release.xcconfig"; sourceTree = "<group>"; };
/* End PBXFileReference section */

/* Begin PBXFrameworksBuildPhase section */
		D12EC23724AB4070007E5896 /* Frameworks */ = {
			isa = PBXFrameworksBuildPhase;
			buildActionMask = 2147483647;
			files = (
				0BE507DF34E6144C923BB667 /* Pods_STORM.framework in Frameworks */,
			);
			runOnlyForDeploymentPostprocessing = 0;
		};
/* End PBXFrameworksBuildPhase section */

/* Begin PBXGroup section */
		69F8A07259A2F48B1ACCF1AD /* Frameworks */ = {
			isa = PBXGroup;
			children = (
				F413571526ADC3ABE1F9D186 /* Pods_STORM.framework */,
			);
			name = Frameworks;
			sourceTree = "<group>";
		};
		86663522A806D89569C56231 /* Pods */ = {
			isa = PBXGroup;
			children = (
				446905E67F662B2207C7B0E7 /* Pods-STORM.debug.xcconfig */,
				F68B1EA2A7FA6388C84C951E /* Pods-STORM.release.xcconfig */,
			);
			path = Pods;
			sourceTree = "<group>";
		};
		B806015724E502A6006AA9EF /* SignUp */ = {
			isa = PBXGroup;
			children = (
				B806015824E50318006AA9EF /* SignUp.storyboard */,
				B806015C24E5207E006AA9EF /* SignUpViewController.swift */,
				B806015E24E527B7006AA9EF /* SignUpProfileViewController.swift */,
			);
			path = SignUp;
			sourceTree = "<group>";
		};
		B84697E024D30F6A00E56804 /* MyPage */ = {
			isa = PBXGroup;
			children = (
				B84697E124D30FAA00E56804 /* MyPage.storyboard */,
				B84697E324D30FB000E56804 /* Controller */,
			);
			path = MyPage;
			sourceTree = "<group>";
		};
		B84697E324D30FB000E56804 /* Controller */ = {
			isa = PBXGroup;
			children = (
				B84697E424D313FB00E56804 /* ProfileViewController.swift */,
				B84697E824D3141D00E56804 /* DeleteAccountViewController.swift */,
				B878A01324DA051A00A8C19F /* EnsureDeleteViewController.swift */,
			);
			path = Controller;
			sourceTree = "<group>";
		};
		B84BE19E24BB8C7D0048BE9C /* ScrappedCard */ = {
			isa = PBXGroup;
			children = (
				B8D7DB6C24BF711700DE9D02 /* ScrappedCardTextCell.swift */,
				B8D7DB6E24BF712B00DE9D02 /* ScrappedCardImageCell.swift */,
			);
			path = ScrappedCard;
			sourceTree = "<group>";
		};
		B84BE19F24BB8C8F0048BE9C /* Round */ = {
			isa = PBXGroup;
			children = (
			);
			path = Round;
			sourceTree = "<group>";
		};
		B8A25EA524B4B81900C07092 /* Recovered References */ = {
			isa = PBXGroup;
			children = (
				D17935C724B1DCF500811173 /* NotoSansCJKkr-Bold.otf */,
			);
			name = "Recovered References";
			sourceTree = "<group>";
		};
		B8E34D5724E438A9003538A8 /* LogIn */ = {
			isa = PBXGroup;
			children = (
				B800D24524E86D960024CE2F /* login_0816.json */,
				B8E34D5824E438C7003538A8 /* LogIn.storyboard */,
				B806015A24E51254006AA9EF /* LogInViewController.swift */,
			);
			path = LogIn;
			sourceTree = "<group>";
		};
		B8E9FA6E24B9B6EB00A97235 /* PopUpViews */ = {
			isa = PBXGroup;
			children = (
				B82094D424BCE25700DB543F /* real_loading.json */,
				B8E9FA7324B9B7FC00A97235 /* PopUp.storyboard */,
				B8E9FA7124B9B7CB00A97235 /* InvalidCodePopViewController.swift */,
				B8E9FA7924B9FC0500A97235 /* ReminderPopViewController.swift */,
				B8E9FA7B24B9FC3B00A97235 /* RoundStartPopViewController.swift */,
				B8E9FA7D24BA059600A97235 /* SettingCodePopViewController.swift */,
				B8E9FA7F24BA3D2E00A97235 /* CancelCardViewController.swift */,
				B8E9FA8124BA50D800A97235 /* ChangeToDrawPopViewController.swift */,
				B8E9FA8324BA50EA00A97235 /* ChangeToTextPopViewController.swift */,
				B8E9FA8524BA551E00A97235 /* RoundEndPopViewController.swift */,
				B8E9FA8724BA5A8700A97235 /* SelectNextPopViewController.swift */,
				B8E9FA8924BA5C8E00A97235 /* EndProjectPopViewController.swift */,
				B878A01124D9692400A8C19F /* CameraPopUpViewController.swift */,
				B8F5635F24DB1AD40036C768 /* LogoutPopUpViewController.swift */,
			);
			path = PopUpViews;
			sourceTree = "<group>";
		};
		D12EC23124AB4070007E5896 = {
			isa = PBXGroup;
			children = (
				D12EC23C24AB4070007E5896 /* STORM */,
				D12EC23B24AB4070007E5896 /* Products */,
				86663522A806D89569C56231 /* Pods */,
				69F8A07259A2F48B1ACCF1AD /* Frameworks */,
				D781D6DF24B4997600AAE389 /* Recovered References */,
				B8A25EA524B4B81900C07092 /* Recovered References */,
			);
			sourceTree = "<group>";
		};
		D12EC23B24AB4070007E5896 /* Products */ = {
			isa = PBXGroup;
			children = (
				D12EC23A24AB4070007E5896 /* STORM.app */,
			);
			name = Products;
			sourceTree = "<group>";
		};
		D12EC23C24AB4070007E5896 /* STORM */ = {
			isa = PBXGroup;
			children = (
				B806015724E502A6006AA9EF /* SignUp */,
				B8E34D5724E438A9003538A8 /* LogIn */,
				B84697E024D30F6A00E56804 /* MyPage */,
				B8E9FA6E24B9B6EB00A97235 /* PopUpViews */,
				D1E5839024BC965C0013FB7C /* Network */,
				D75ECBE724B6C78800CB46C3 /* ProjectForHost */,
				D781D71424B512FE00AAE389 /* ProjectForMember */,
				B84BE19F24BB8C8F0048BE9C /* Round */,
				B84BE19E24BB8C7D0048BE9C /* ScrappedCard */,
				D781D6EA24B4A66F00AAE389 /* RoundFinished */,
				D1E5838D24BC964E0013FB7C /* Signin */,
				D743C56D24AF5B7300FF6ED4 /* Extensions */,
				D17935D324B2484D00811173 /* AddCard */,
				D1E5837824BC95980013FB7C /* CollectionFlowLayout.swift */,
				D1E5837924BC95980013FB7C /* CollecViewController.swift */,
				D1E5837524BC95970013FB7C /* CollecViewController2.swift */,
				D1E5838924BC95BB0013FB7C /* CollecViewController3.swift */,
				D1E5837724BC95980013FB7C /* CollecViewController4.swift */,
				D1E5837B24BC95980013FB7C /* RoundMeetingViewController.swift */,
				D1E5837C24BC95980013FB7C /* NetworkTestViewController.swift */,
				D1E5837D24BC95990013FB7C /* SocketIOManager.swift */,
				D1E5837624BC95970013FB7C /* UPCarouselFlow.swift */,
				D147598424AB4DA3006C4122 /* SceneDelegate.swift */,
				D12EC23D24AB4070007E5896 /* AppDelegate.swift */,
				D15EA3ED24BF3FD900D3017F /* MemoCell.swift */,
				D15EA3EF24BF3FE800D3017F /* DrawingCell.swift */,
				D1E5839724BC96C00013FB7C /* Main.storyboard */,
				D186EFF824BF5E4F00D67FAD /* AllRoundViewController.swift */,
				D186EFFC24BF840000D67FAD /* MainViewController.swift */,
				D186EFFE24BF863100D67FAD /* ProjectSummaryCell.swift */,
				D186F00224BFAE3D00D67FAD /* AllProjectViewController.swift */,
				D17935B824B1D73600811173 /* Fonts */,
				D7EB706624B75C320041B9CA /* SupportingFiles */,
				D12EC24924AB4072007E5896 /* Assets.xcassets */,
				B8255E8D24D492A700749B62 /* example.jpg */,
				D12EC24B24AB4072007E5896 /* LaunchScreen.storyboard */,
				D12EC24E24AB4072007E5896 /* Info.plist */,
				D12EC24624AB4070007E5896 /* STORM.xcdatamodeld */,
			);
			path = STORM;
			sourceTree = "<group>";
		};
		D17935B824B1D73600811173 /* Fonts */ = {
			isa = PBXGroup;
			children = (
				B84697EC24D325A000E56804 /* NotoSansCJKkr-Bold.otf */,
				B84697EF24D325A500E56804 /* NotoSansCJKkr-Medium.otf */,
				B84697F224D325A800E56804 /* NotoSansCJKkr-Regular.otf */,
			);
			path = Fonts;
			sourceTree = "<group>";
		};
		D17935D324B2484D00811173 /* AddCard */ = {
			isa = PBXGroup;
			children = (
				D1E5837124BC95690013FB7C /* Canvas.swift */,
				D1E5837224BC95690013FB7C /* AddCardViewController.swift */,
			);
			path = AddCard;
			sourceTree = "<group>";
		};
		D1E5838D24BC964E0013FB7C /* Signin */ = {
			isa = PBXGroup;
			children = (
				D1E5838E24BC964E0013FB7C /* User.swift */,
			);
			path = Signin;
			sourceTree = "<group>";
		};
		D1E5839024BC965C0013FB7C /* Network */ = {
			isa = PBXGroup;
			children = (
				D1E5839124BC965C0013FB7C /* NetworkManager.swift */,
				D1E5839224BC965C0013FB7C /* Project.swift */,
				D1E5839324BC965C0013FB7C /* Response.swift */,
				D19533B624BCB072008DB22F /* Member.swift */,
				D15088AA24BD98DC007D9596 /* Round.swift */,
				D147B40224BDABAA0064B026 /* Card.swift */,
			);
			path = Network;
			sourceTree = "<group>";
		};
		D743C56D24AF5B7300FF6ED4 /* Extensions */ = {
			isa = PBXGroup;
			children = (
				D18D89B524B3A6FF00D8779E /* UIView.swift */,
				D1E5838B24BC96270013FB7C /* UIViewController.swift */,
				D761568E24B8D4AD00D4D484 /* UITextField.swift */,
				D781D6EC24B4A66F00AAE389 /* LayerExtension.swift */,
				D781D71224B4E3D600AAE389 /* NavigationControllerExtension.swift */,
				D756DF8924B5908900551E12 /* PopupAnimationExtension.swift */,
				D761569424BB487600D4D484 /* UIColor+Extensions.swift */,
				D154C46324BEECF700FC95C9 /* UIImage.swift */,
			);
			path = Extensions;
			sourceTree = "<group>";
		};
		D75ECBE724B6C78800CB46C3 /* ProjectForHost */ = {
			isa = PBXGroup;
			children = (
				D75ECBE824B6C7A900CB46C3 /* ProjectForHost.storyboard */,
				D75ECBEA24B6C7B500CB46C3 /* Controller */,
			);
			path = ProjectForHost;
			sourceTree = "<group>";
		};
		D75ECBEA24B6C7B500CB46C3 /* Controller */ = {
			isa = PBXGroup;
			children = (
				D75ECBEB24B6C7EF00CB46C3 /* HostProjectSettingViewController.swift */,
				D7EB706924B8B75A0041B9CA /* HostRoundSettingViewController.swift */,
				D761569024BADDEC00D4D484 /* HostRoundStartViewController.swift */,
				D761569224BB005A00D4D484 /* HostProjectWaitingViewController.swift */,
			);
			path = Controller;
			sourceTree = "<group>";
		};
		D781D6DF24B4997600AAE389 /* Recovered References */ = {
			isa = PBXGroup;
			children = (
				D17935CD24B1F80C00811173 /* TestCell.swift */,
				D17935B624B1AF7900811173 /* CollecViewController3.swift */,
				D17935CE24B1F80C00811173 /* TestCell.xib */,
				D743C57224AF5F8600FF6ED4 /* FinalViewController.swift */,
				D743C56E24AF5D8C00FF6ED4 /* RoundCollectionViewCell.swift */,
				D76A2E6C24ADBEAD00D0CF4E /* Wrapup.storyboard */,
				D17935C524B1DCF500811173 /* NotoSansCJKkr-Medium.otf */,
				B8E2B65324B254890098F677 /* NotoSansCJKkr-Regular.otf */,
				B8E2B65124B254890098F677 /* NotoSansCJKkr-Bold.otf */,
				B8E2B65224B254890098F677 /* NotoSansCJKkr-Medium.otf */,
			);
			name = "Recovered References";
			sourceTree = "<group>";
		};
		D781D6EA24B4A66F00AAE389 /* RoundFinished */ = {
			isa = PBXGroup;
			children = (
				D781D6EB24B4A66F00AAE389 /* RoundFinished.storyboard */,
				D781D6ED24B4A66F00AAE389 /* Controller */,
				D781D6F324B4A66F00AAE389 /* Cell */,
			);
			name = RoundFinished;
			path = Jiyoon/RoundFinished;
			sourceTree = "<group>";
		};
		D781D6ED24B4A66F00AAE389 /* Controller */ = {
			isa = PBXGroup;
			children = (
				D781D70E24B4B07100AAE389 /* FinishedRoundViewController.swift */,
				D781D6F124B4A66F00AAE389 /* ScrapCardMemoViewController.swift */,
				D781D6F224B4A66F00AAE389 /* ScrapCardViewController.swift */,
			);
			path = Controller;
			sourceTree = "<group>";
		};
		D781D6F324B4A66F00AAE389 /* Cell */ = {
			isa = PBXGroup;
			children = (
				D781D6F424B4A66F00AAE389 /* RoundCollectionViewCell.swift */,
				D781D6F924B4A66F00AAE389 /* RoundCollectionViewCell.xib */,
				D781D6F724B4A66F00AAE389 /* ProjectWaitingTableViewCell.swift */,
				D781D6F524B4A66F00AAE389 /* ProjectWaitingTableViewCell.xib */,
				D781D6F824B4A66F00AAE389 /* CardCollectionViewCell.swift */,
				D781D6F624B4A66F00AAE389 /* CardCollectionViewCell.xib */,
			);
			path = Cell;
			sourceTree = "<group>";
		};
		D781D71424B512FE00AAE389 /* ProjectForMember */ = {
			isa = PBXGroup;
			children = (
				D781D71524B5131C00AAE389 /* ProjectForMember.storyboard */,
				D781D71724B5133A00AAE389 /* Controller */,
			);
			path = ProjectForMember;
			sourceTree = "<group>";
		};
		D781D71724B5133A00AAE389 /* Controller */ = {
			isa = PBXGroup;
			children = (
				D781D6F024B4A66F00AAE389 /* ReminderPopupViewController.swift */,
				D781D6EE24B4A66F00AAE389 /* ProjectWaitingViewController.swift */,
				D75ECBE324B6443B00CB46C3 /* MemberRoundSettingViewController.swift */,
				D75ECBE524B6BD2500CB46C3 /* RoundStartAlertPopupViewController.swift */,
			);
			path = Controller;
			sourceTree = "<group>";
		};
		D7EB706624B75C320041B9CA /* SupportingFiles */ = {
			isa = PBXGroup;
			children = (
				D7EB706424B7459E0041B9CA /* loading3.json */,
			);
			path = SupportingFiles;
			sourceTree = "<group>";
		};
/* End PBXGroup section */

/* Begin PBXNativeTarget section */
		D12EC23924AB4070007E5896 /* STORM */ = {
			isa = PBXNativeTarget;
			buildConfigurationList = D12EC25124AB4072007E5896 /* Build configuration list for PBXNativeTarget "STORM" */;
			buildPhases = (
				0188C6842BF395314DDA0FC3 /* [CP] Check Pods Manifest.lock */,
				D12EC23624AB4070007E5896 /* Sources */,
				D12EC23724AB4070007E5896 /* Frameworks */,
				D12EC23824AB4070007E5896 /* Resources */,
				B91F7CBAF154CD574CC24957 /* [CP] Embed Pods Frameworks */,
			);
			buildRules = (
			);
			dependencies = (
			);
			name = STORM;
			productName = STORM;
			productReference = D12EC23A24AB4070007E5896 /* STORM.app */;
			productType = "com.apple.product-type.application";
		};
/* End PBXNativeTarget section */

/* Begin PBXProject section */
		D12EC23224AB4070007E5896 /* Project object */ = {
			isa = PBXProject;
			attributes = {
				LastSwiftUpdateCheck = 1130;
				LastUpgradeCheck = 1150;
				ORGANIZATIONNAME = "Team STORM";
				TargetAttributes = {
					D12EC23924AB4070007E5896 = {
						CreatedOnToolsVersion = 11.3.1;
					};
				};
			};
			buildConfigurationList = D12EC23524AB4070007E5896 /* Build configuration list for PBXProject "STORM" */;
			compatibilityVersion = "Xcode 9.3";
			developmentRegion = en;
			hasScannedForEncodings = 0;
			knownRegions = (
				en,
				Base,
			);
			mainGroup = D12EC23124AB4070007E5896;
			productRefGroup = D12EC23B24AB4070007E5896 /* Products */;
			projectDirPath = "";
			projectRoot = "";
			targets = (
				D12EC23924AB4070007E5896 /* STORM */,
			);
		};
/* End PBXProject section */

/* Begin PBXResourcesBuildPhase section */
		D12EC23824AB4070007E5896 /* Resources */ = {
			isa = PBXResourcesBuildPhase;
			buildActionMask = 2147483647;
			files = (
				D75ECBE924B6C7A900CB46C3 /* ProjectForHost.storyboard in Resources */,
				B84697F024D325A800E56804 /* NotoSansCJKkr-Regular.otf in Resources */,
				B84697EA24D325A000E56804 /* NotoSansCJKkr-Bold.otf in Resources */,
				D781D70424B4A66F00AAE389 /* CardCollectionViewCell.xib in Resources */,
				B8E34D5924E438C7003538A8 /* LogIn.storyboard in Resources */,
				B84697E224D30FAA00E56804 /* MyPage.storyboard in Resources */,
				B800D24624E86D960024CE2F /* login_0816.json in Resources */,
				D12EC24D24AB4072007E5896 /* LaunchScreen.storyboard in Resources */,
				B8255E8E24D492A700749B62 /* example.jpg in Resources */,
				B8E9FA7424B9B7FC00A97235 /* PopUp.storyboard in Resources */,
				D12EC24A24AB4072007E5896 /* Assets.xcassets in Resources */,
				D1E5839824BC96C00013FB7C /* Main.storyboard in Resources */,
				D781D70724B4A66F00AAE389 /* RoundCollectionViewCell.xib in Resources */,
				D7EB706524B7459F0041B9CA /* loading3.json in Resources */,
				D781D70324B4A66F00AAE389 /* ProjectWaitingTableViewCell.xib in Resources */,
				D781D71624B5131C00AAE389 /* ProjectForMember.storyboard in Resources */,
				B806015924E50318006AA9EF /* SignUp.storyboard in Resources */,
				D781D6FB24B4A66F00AAE389 /* RoundFinished.storyboard in Resources */,
				B84697ED24D325A500E56804 /* NotoSansCJKkr-Medium.otf in Resources */,
				B82094D524BCE25700DB543F /* real_loading.json in Resources */,
			);
			runOnlyForDeploymentPostprocessing = 0;
		};
/* End PBXResourcesBuildPhase section */

/* Begin PBXShellScriptBuildPhase section */
		0188C6842BF395314DDA0FC3 /* [CP] Check Pods Manifest.lock */ = {
			isa = PBXShellScriptBuildPhase;
			buildActionMask = 2147483647;
			files = (
			);
			inputFileListPaths = (
			);
			inputPaths = (
				"${PODS_PODFILE_DIR_PATH}/Podfile.lock",
				"${PODS_ROOT}/Manifest.lock",
			);
			name = "[CP] Check Pods Manifest.lock";
			outputFileListPaths = (
			);
			outputPaths = (
				"$(DERIVED_FILE_DIR)/Pods-STORM-checkManifestLockResult.txt",
			);
			runOnlyForDeploymentPostprocessing = 0;
			shellPath = /bin/sh;
			shellScript = "diff \"${PODS_PODFILE_DIR_PATH}/Podfile.lock\" \"${PODS_ROOT}/Manifest.lock\" > /dev/null\nif [ $? != 0 ] ; then\n    # print error to STDERR\n    echo \"error: The sandbox is not in sync with the Podfile.lock. Run 'pod install' or update your CocoaPods installation.\" >&2\n    exit 1\nfi\n# This output is used by Xcode 'outputs' to avoid re-running this script phase.\necho \"SUCCESS\" > \"${SCRIPT_OUTPUT_FILE_0}\"\n";
			showEnvVarsInLog = 0;
		};
		B91F7CBAF154CD574CC24957 /* [CP] Embed Pods Frameworks */ = {
			isa = PBXShellScriptBuildPhase;
			buildActionMask = 2147483647;
			files = (
			);
			inputFileListPaths = (
				"${PODS_ROOT}/Target Support Files/Pods-STORM/Pods-STORM-frameworks-${CONFIGURATION}-input-files.xcfilelist",
			);
			name = "[CP] Embed Pods Frameworks";
			outputFileListPaths = (
				"${PODS_ROOT}/Target Support Files/Pods-STORM/Pods-STORM-frameworks-${CONFIGURATION}-output-files.xcfilelist",
			);
			runOnlyForDeploymentPostprocessing = 0;
			shellPath = /bin/sh;
			shellScript = "\"${PODS_ROOT}/Target Support Files/Pods-STORM/Pods-STORM-frameworks.sh\"\n";
			showEnvVarsInLog = 0;
		};
/* End PBXShellScriptBuildPhase section */

/* Begin PBXSourcesBuildPhase section */
		D12EC23624AB4070007E5896 /* Sources */ = {
			isa = PBXSourcesBuildPhase;
			buildActionMask = 2147483647;
			files = (
				D781D70124B4A66F00AAE389 /* ScrapCardViewController.swift in Sources */,
				D761569524BB487600D4D484 /* UIColor+Extensions.swift in Sources */,
				D781D71324B4E3D600AAE389 /* NavigationControllerExtension.swift in Sources */,
				D1E5837324BC95690013FB7C /* Canvas.swift in Sources */,
				D1E5838124BC95990013FB7C /* CollecViewController4.swift in Sources */,
				D781D70F24B4B07100AAE389 /* FinishedRoundViewController.swift in Sources */,
				D756DF8A24B5908900551E12 /* PopupAnimationExtension.swift in Sources */,
				D18D89B624B3A6FF00D8779E /* UIView.swift in Sources */,
				D1E5839424BC965C0013FB7C /* NetworkManager.swift in Sources */,
				D1E5837424BC95690013FB7C /* AddCardViewController.swift in Sources */,
				D761569124BADDEC00D4D484 /* HostRoundStartViewController.swift in Sources */,
				D761569324BB005A00D4D484 /* HostProjectWaitingViewController.swift in Sources */,
				D7EB706A24B8B75A0041B9CA /* HostRoundSettingViewController.swift in Sources */,
				D12EC23E24AB4070007E5896 /* AppDelegate.swift in Sources */,
				D12EC24824AB4070007E5896 /* STORM.xcdatamodeld in Sources */,
				B8D7DB6D24BF711700DE9D02 /* ScrappedCardTextCell.swift in Sources */,
				D781D6FC24B4A66F00AAE389 /* LayerExtension.swift in Sources */,
				D15EA3F024BF3FE800D3017F /* DrawingCell.swift in Sources */,
				B806015F24E527B7006AA9EF /* SignUpProfileViewController.swift in Sources */,
				B8E9FA7C24B9FC3B00A97235 /* RoundStartPopViewController.swift in Sources */,
				B8E9FA7E24BA059600A97235 /* SettingCodePopViewController.swift in Sources */,
				B8E9FA8624BA551E00A97235 /* RoundEndPopViewController.swift in Sources */,
				D19533B724BCB072008DB22F /* Member.swift in Sources */,
				D15088AB24BD98DD007D9596 /* Round.swift in Sources */,
				D186EFFD24BF840000D67FAD /* MainViewController.swift in Sources */,
				D761568F24B8D4AD00D4D484 /* UITextField.swift in Sources */,
				D75ECBE424B6443B00CB46C3 /* MemberRoundSettingViewController.swift in Sources */,
				D75ECBEC24B6C7EF00CB46C3 /* HostProjectSettingViewController.swift in Sources */,
				D1E5839524BC965C0013FB7C /* Project.swift in Sources */,
				D186F00324BFAE3E00D67FAD /* AllProjectViewController.swift in Sources */,
				D1E5838724BC95990013FB7C /* SocketIOManager.swift in Sources */,
				B8E9FA8424BA50EA00A97235 /* ChangeToTextPopViewController.swift in Sources */,
				D1E5838F24BC964F0013FB7C /* User.swift in Sources */,
				D1E5838524BC95990013FB7C /* RoundMeetingViewController.swift in Sources */,
				B8D7DB6F24BF712B00DE9D02 /* ScrappedCardImageCell.swift in Sources */,
				D1E5837F24BC95990013FB7C /* CollecViewController2.swift in Sources */,
				B8E9FA8224BA50D800A97235 /* ChangeToDrawPopViewController.swift in Sources */,
				D186EFFF24BF863100D67FAD /* ProjectSummaryCell.swift in Sources */,
				D1E5839624BC965C0013FB7C /* Response.swift in Sources */,
				B8E9FA8024BA3D2E00A97235 /* CancelCardViewController.swift in Sources */,
				B8E9FA7224B9B7CB00A97235 /* InvalidCodePopViewController.swift in Sources */,
				B8E9FA8824BA5A8700A97235 /* SelectNextPopViewController.swift in Sources */,
				D1E5838224BC95990013FB7C /* CollectionFlowLayout.swift in Sources */,
				B878A01424DA051A00A8C19F /* EnsureDeleteViewController.swift in Sources */,
				D1E5838024BC95990013FB7C /* UPCarouselFlow.swift in Sources */,
				D186EFF924BF5E4F00D67FAD /* AllRoundViewController.swift in Sources */,
				D1E5838324BC95990013FB7C /* CollecViewController.swift in Sources */,
				D15EA3EE24BF3FD900D3017F /* MemoCell.swift in Sources */,
				D147B40324BDABAA0064B026 /* Card.swift in Sources */,
				B8E9FA7A24B9FC0500A97235 /* ReminderPopViewController.swift in Sources */,
				D147598524AB4DA3006C4122 /* SceneDelegate.swift in Sources */,
				B806015B24E51254006AA9EF /* LogInViewController.swift in Sources */,
				B878A01224D9692400A8C19F /* CameraPopUpViewController.swift in Sources */,
				D781D70624B4A66F00AAE389 /* CardCollectionViewCell.swift in Sources */,
				D781D70024B4A66F00AAE389 /* ScrapCardMemoViewController.swift in Sources */,
				B84697E924D3141D00E56804 /* DeleteAccountViewController.swift in Sources */,
				D781D70224B4A66F00AAE389 /* RoundCollectionViewCell.swift in Sources */,
				D1E5838624BC95990013FB7C /* NetworkTestViewController.swift in Sources */,
				D781D6FF24B4A66F00AAE389 /* ReminderPopupViewController.swift in Sources */,
				B8F5636024DB1AD40036C768 /* LogoutPopUpViewController.swift in Sources */,
				D154C46424BEECF700FC95C9 /* UIImage.swift in Sources */,
				D781D70524B4A66F00AAE389 /* ProjectWaitingTableViewCell.swift in Sources */,
				D75ECBE624B6BD2500CB46C3 /* RoundStartAlertPopupViewController.swift in Sources */,
				B806015D24E5207E006AA9EF /* SignUpViewController.swift in Sources */,
				D1E5838A24BC95BB0013FB7C /* CollecViewController3.swift in Sources */,
				D1E5838C24BC96270013FB7C /* UIViewController.swift in Sources */,
				B84697E524D313FB00E56804 /* ProfileViewController.swift in Sources */,
				D781D6FD24B4A66F00AAE389 /* ProjectWaitingViewController.swift in Sources */,
				B8E9FA8A24BA5C8E00A97235 /* EndProjectPopViewController.swift in Sources */,
			);
			runOnlyForDeploymentPostprocessing = 0;
		};
/* End PBXSourcesBuildPhase section */

/* Begin PBXVariantGroup section */
		B84697EC24D325A000E56804 /* NotoSansCJKkr-Bold.otf */ = {
			isa = PBXVariantGroup;
			children = (
				B84697F324D3261200E56804 /* en */,
			);
			name = "NotoSansCJKkr-Bold.otf";
			sourceTree = "<group>";
		};
		B84697EF24D325A500E56804 /* NotoSansCJKkr-Medium.otf */ = {
			isa = PBXVariantGroup;
			children = (
				B84697F424D3261700E56804 /* en */,
			);
			name = "NotoSansCJKkr-Medium.otf";
			sourceTree = "<group>";
		};
		B84697F224D325A800E56804 /* NotoSansCJKkr-Regular.otf */ = {
			isa = PBXVariantGroup;
			children = (
				B84697F524D3261A00E56804 /* en */,
			);
			name = "NotoSansCJKkr-Regular.otf";
			sourceTree = "<group>";
		};
		D12EC24B24AB4072007E5896 /* LaunchScreen.storyboard */ = {
			isa = PBXVariantGroup;
			children = (
				D12EC24C24AB4072007E5896 /* Base */,
			);
			name = LaunchScreen.storyboard;
			sourceTree = "<group>";
		};
/* End PBXVariantGroup section */

/* Begin XCBuildConfiguration section */
		D12EC24F24AB4072007E5896 /* Debug */ = {
			isa = XCBuildConfiguration;
			buildSettings = {
				ALWAYS_SEARCH_USER_PATHS = NO;
				CLANG_ANALYZER_NONNULL = YES;
				CLANG_ANALYZER_NUMBER_OBJECT_CONVERSION = YES_AGGRESSIVE;
				CLANG_CXX_LANGUAGE_STANDARD = "gnu++14";
				CLANG_CXX_LIBRARY = "libc++";
				CLANG_ENABLE_MODULES = YES;
				CLANG_ENABLE_OBJC_ARC = YES;
				CLANG_ENABLE_OBJC_WEAK = YES;
				CLANG_WARN_BLOCK_CAPTURE_AUTORELEASING = YES;
				CLANG_WARN_BOOL_CONVERSION = YES;
				CLANG_WARN_COMMA = YES;
				CLANG_WARN_CONSTANT_CONVERSION = YES;
				CLANG_WARN_DEPRECATED_OBJC_IMPLEMENTATIONS = YES;
				CLANG_WARN_DIRECT_OBJC_ISA_USAGE = YES_ERROR;
				CLANG_WARN_DOCUMENTATION_COMMENTS = YES;
				CLANG_WARN_EMPTY_BODY = YES;
				CLANG_WARN_ENUM_CONVERSION = YES;
				CLANG_WARN_INFINITE_RECURSION = YES;
				CLANG_WARN_INT_CONVERSION = YES;
				CLANG_WARN_NON_LITERAL_NULL_CONVERSION = YES;
				CLANG_WARN_OBJC_IMPLICIT_RETAIN_SELF = YES;
				CLANG_WARN_OBJC_LITERAL_CONVERSION = YES;
				CLANG_WARN_OBJC_ROOT_CLASS = YES_ERROR;
				CLANG_WARN_RANGE_LOOP_ANALYSIS = YES;
				CLANG_WARN_STRICT_PROTOTYPES = YES;
				CLANG_WARN_SUSPICIOUS_MOVE = YES;
				CLANG_WARN_UNGUARDED_AVAILABILITY = YES_AGGRESSIVE;
				CLANG_WARN_UNREACHABLE_CODE = YES;
				CLANG_WARN__DUPLICATE_METHOD_MATCH = YES;
				COPY_PHASE_STRIP = NO;
				DEBUG_INFORMATION_FORMAT = dwarf;
				ENABLE_STRICT_OBJC_MSGSEND = YES;
				ENABLE_TESTABILITY = YES;
				GCC_C_LANGUAGE_STANDARD = gnu11;
				GCC_DYNAMIC_NO_PIC = NO;
				GCC_NO_COMMON_BLOCKS = YES;
				GCC_OPTIMIZATION_LEVEL = 0;
				GCC_PREPROCESSOR_DEFINITIONS = (
					"DEBUG=1",
					"$(inherited)",
				);
				GCC_WARN_64_TO_32_BIT_CONVERSION = YES;
				GCC_WARN_ABOUT_RETURN_TYPE = YES_ERROR;
				GCC_WARN_UNDECLARED_SELECTOR = YES;
				GCC_WARN_UNINITIALIZED_AUTOS = YES_AGGRESSIVE;
				GCC_WARN_UNUSED_FUNCTION = YES;
				GCC_WARN_UNUSED_VARIABLE = YES;
				IPHONEOS_DEPLOYMENT_TARGET = 11.0;
				MTL_ENABLE_DEBUG_INFO = INCLUDE_SOURCE;
				MTL_FAST_MATH = YES;
				ONLY_ACTIVE_ARCH = YES;
				SDKROOT = iphoneos;
				SWIFT_ACTIVE_COMPILATION_CONDITIONS = DEBUG;
				SWIFT_OPTIMIZATION_LEVEL = "-Onone";
			};
			name = Debug;
		};
		D12EC25024AB4072007E5896 /* Release */ = {
			isa = XCBuildConfiguration;
			buildSettings = {
				ALWAYS_SEARCH_USER_PATHS = NO;
				CLANG_ANALYZER_NONNULL = YES;
				CLANG_ANALYZER_NUMBER_OBJECT_CONVERSION = YES_AGGRESSIVE;
				CLANG_CXX_LANGUAGE_STANDARD = "gnu++14";
				CLANG_CXX_LIBRARY = "libc++";
				CLANG_ENABLE_MODULES = YES;
				CLANG_ENABLE_OBJC_ARC = YES;
				CLANG_ENABLE_OBJC_WEAK = YES;
				CLANG_WARN_BLOCK_CAPTURE_AUTORELEASING = YES;
				CLANG_WARN_BOOL_CONVERSION = YES;
				CLANG_WARN_COMMA = YES;
				CLANG_WARN_CONSTANT_CONVERSION = YES;
				CLANG_WARN_DEPRECATED_OBJC_IMPLEMENTATIONS = YES;
				CLANG_WARN_DIRECT_OBJC_ISA_USAGE = YES_ERROR;
				CLANG_WARN_DOCUMENTATION_COMMENTS = YES;
				CLANG_WARN_EMPTY_BODY = YES;
				CLANG_WARN_ENUM_CONVERSION = YES;
				CLANG_WARN_INFINITE_RECURSION = YES;
				CLANG_WARN_INT_CONVERSION = YES;
				CLANG_WARN_NON_LITERAL_NULL_CONVERSION = YES;
				CLANG_WARN_OBJC_IMPLICIT_RETAIN_SELF = YES;
				CLANG_WARN_OBJC_LITERAL_CONVERSION = YES;
				CLANG_WARN_OBJC_ROOT_CLASS = YES_ERROR;
				CLANG_WARN_RANGE_LOOP_ANALYSIS = YES;
				CLANG_WARN_STRICT_PROTOTYPES = YES;
				CLANG_WARN_SUSPICIOUS_MOVE = YES;
				CLANG_WARN_UNGUARDED_AVAILABILITY = YES_AGGRESSIVE;
				CLANG_WARN_UNREACHABLE_CODE = YES;
				CLANG_WARN__DUPLICATE_METHOD_MATCH = YES;
				COPY_PHASE_STRIP = NO;
				DEBUG_INFORMATION_FORMAT = "dwarf-with-dsym";
				ENABLE_NS_ASSERTIONS = NO;
				ENABLE_STRICT_OBJC_MSGSEND = YES;
				GCC_C_LANGUAGE_STANDARD = gnu11;
				GCC_NO_COMMON_BLOCKS = YES;
				GCC_WARN_64_TO_32_BIT_CONVERSION = YES;
				GCC_WARN_ABOUT_RETURN_TYPE = YES_ERROR;
				GCC_WARN_UNDECLARED_SELECTOR = YES;
				GCC_WARN_UNINITIALIZED_AUTOS = YES_AGGRESSIVE;
				GCC_WARN_UNUSED_FUNCTION = YES;
				GCC_WARN_UNUSED_VARIABLE = YES;
				IPHONEOS_DEPLOYMENT_TARGET = 11.0;
				MTL_ENABLE_DEBUG_INFO = NO;
				MTL_FAST_MATH = YES;
				SDKROOT = iphoneos;
				SWIFT_COMPILATION_MODE = wholemodule;
				SWIFT_OPTIMIZATION_LEVEL = "-O";
				VALIDATE_PRODUCT = YES;
			};
			name = Release;
		};
		D12EC25224AB4072007E5896 /* Debug */ = {
			isa = XCBuildConfiguration;
			baseConfigurationReference = 446905E67F662B2207C7B0E7 /* Pods-STORM.debug.xcconfig */;
			buildSettings = {
				ASSETCATALOG_COMPILER_APPICON_NAME = AppIcon;
				CODE_SIGN_STYLE = Automatic;
				DEVELOPMENT_TEAM = B849TJY5N4;
				FRAMEWORK_SEARCH_PATHS = (
					"$(inherited)",
					"$(PROJECT_DIR)/STORM",
				);
				INFOPLIST_FILE = STORM/Info.plist;
				LD_RUNPATH_SEARCH_PATHS = (
					"$(inherited)",
					"@executable_path/Frameworks",
				);
				PRODUCT_BUNDLE_IDENTIFIER = com.jhKim;
				PRODUCT_NAME = "$(TARGET_NAME)";
				SWIFT_VERSION = 5.0;
				TARGETED_DEVICE_FAMILY = 1;
			};
			name = Debug;
		};
		D12EC25324AB4072007E5896 /* Release */ = {
			isa = XCBuildConfiguration;
			baseConfigurationReference = F68B1EA2A7FA6388C84C951E /* Pods-STORM.release.xcconfig */;
			buildSettings = {
				ASSETCATALOG_COMPILER_APPICON_NAME = AppIcon;
				CODE_SIGN_STYLE = Automatic;
				DEVELOPMENT_TEAM = "";
				FRAMEWORK_SEARCH_PATHS = (
					"$(inherited)",
					"$(PROJECT_DIR)/STORM",
				);
				INFOPLIST_FILE = STORM/Info.plist;
				LD_RUNPATH_SEARCH_PATHS = (
					"$(inherited)",
					"@executable_path/Frameworks",
				);
				PRODUCT_BUNDLE_IDENTIFIER = com.tistory.lsh424.STORM;
				PRODUCT_NAME = "$(TARGET_NAME)";
				SWIFT_VERSION = 5.0;
				TARGETED_DEVICE_FAMILY = 1;
			};
			name = Release;
		};
/* End XCBuildConfiguration section */

/* Begin XCConfigurationList section */
		D12EC23524AB4070007E5896 /* Build configuration list for PBXProject "STORM" */ = {
			isa = XCConfigurationList;
			buildConfigurations = (
				D12EC24F24AB4072007E5896 /* Debug */,
				D12EC25024AB4072007E5896 /* Release */,
			);
			defaultConfigurationIsVisible = 0;
			defaultConfigurationName = Release;
		};
		D12EC25124AB4072007E5896 /* Build configuration list for PBXNativeTarget "STORM" */ = {
			isa = XCConfigurationList;
			buildConfigurations = (
				D12EC25224AB4072007E5896 /* Debug */,
				D12EC25324AB4072007E5896 /* Release */,
			);
			defaultConfigurationIsVisible = 0;
			defaultConfigurationName = Release;
		};
/* End XCConfigurationList section */

/* Begin XCVersionGroup section */
		D12EC24624AB4070007E5896 /* STORM.xcdatamodeld */ = {
			isa = XCVersionGroup;
			children = (
				D12EC24724AB4070007E5896 /* STORM.xcdatamodel */,
			);
			currentVersion = D12EC24724AB4070007E5896 /* STORM.xcdatamodel */;
			path = STORM.xcdatamodeld;
			sourceTree = "<group>";
			versionGroupType = wrapper.xcdatamodel;
		};
/* End XCVersionGroup section */
	};
	rootObject = D12EC23224AB4070007E5896 /* Project object */;
}
