// !$*UTF8*$!
{
	archiveVersion = 1;
	classes = {
	};
	objectVersion = 51;
	objects = {

/* Begin PBXBuildFile section */
		0BE507DF34E6144C923BB667 /* Pods_STORM.framework in Frameworks */ = {isa = PBXBuildFile; fileRef = F413571526ADC3ABE1F9D186 /* Pods_STORM.framework */; };
		B800D24624E86D960024CE2F /* login_0816.json in Resources */ = {isa = PBXBuildFile; fileRef = B800D24524E86D960024CE2F /* login_0816.json */; };
		B806015924E50318006AA9EF /* SignUp.storyboard in Resources */ = {isa = PBXBuildFile; fileRef = B806015824E50318006AA9EF /* SignUp.storyboard */; };
		B806015B24E51254006AA9EF /* LogInViewController.swift in Sources */ = {isa = PBXBuildFile; fileRef = B806015A24E51254006AA9EF /* LogInViewController.swift */; };
		B806015D24E5207E006AA9EF /* SignUpViewController.swift in Sources */ = {isa = PBXBuildFile; fileRef = B806015C24E5207E006AA9EF /* SignUpViewController.swift */; };
		B806015F24E527B7006AA9EF /* SignUpProfileViewController.swift in Sources */ = {isa = PBXBuildFile; fileRef = B806015E24E527B7006AA9EF /* SignUpProfileViewController.swift */; };
		B81720B324ED39E600DB085D /* GoBackPopUpViewController.swift in Sources */ = {isa = PBXBuildFile; fileRef = B81720B224ED39E600DB085D /* GoBackPopUpViewController.swift */; };
		B82094D524BCE25700DB543F /* real_loading.json in Resources */ = {isa = PBXBuildFile; fileRef = B82094D424BCE25700DB543F /* real_loading.json */; };
		B84697E224D30FAA00E56804 /* MyPage.storyboard in Resources */ = {isa = PBXBuildFile; fileRef = B84697E124D30FAA00E56804 /* MyPage.storyboard */; };
		B84697E524D313FB00E56804 /* ProfileViewController.swift in Sources */ = {isa = PBXBuildFile; fileRef = B84697E424D313FB00E56804 /* ProfileViewController.swift */; };
		B84697E924D3141D00E56804 /* DeleteAccountViewController.swift in Sources */ = {isa = PBXBuildFile; fileRef = B84697E824D3141D00E56804 /* DeleteAccountViewController.swift */; };
		B84C530F24ED54BE00B4CF1D /* User.swift in Sources */ = {isa = PBXBuildFile; fileRef = B84C530E24ED54BE00B4CF1D /* User.swift */; };
		B878A01224D9692400A8C19F /* CameraPopUpViewController.swift in Sources */ = {isa = PBXBuildFile; fileRef = B878A01124D9692400A8C19F /* CameraPopUpViewController.swift */; };
		B878A01424DA051A00A8C19F /* EnsureDeleteViewController.swift in Sources */ = {isa = PBXBuildFile; fileRef = B878A01324DA051A00A8C19F /* EnsureDeleteViewController.swift */; };
		B882FCA924F95ACB0016DD74 /* ProjectRound.storyboard in Resources */ = {isa = PBXBuildFile; fileRef = B882FCA824F95ACB0016DD74 /* ProjectRound.storyboard */; };
		B8E9FA7224B9B7CB00A97235 /* OneLineMessagePopViewController.swift in Sources */ = {isa = PBXBuildFile; fileRef = B8E9FA7124B9B7CB00A97235 /* OneLineMessagePopViewController.swift */; };
		B8E9FA7424B9B7FC00A97235 /* PopUp.storyboard in Resources */ = {isa = PBXBuildFile; fileRef = B8E9FA7324B9B7FC00A97235 /* PopUp.storyboard */; };
		B8E9FA7A24B9FC0500A97235 /* ReminderPopViewController.swift in Sources */ = {isa = PBXBuildFile; fileRef = B8E9FA7924B9FC0500A97235 /* ReminderPopViewController.swift */; };
		B8E9FA7C24B9FC3B00A97235 /* RoundStartPopViewController.swift in Sources */ = {isa = PBXBuildFile; fileRef = B8E9FA7B24B9FC3B00A97235 /* RoundStartPopViewController.swift */; };
		B8E9FA7E24BA059600A97235 /* SettingCodePopViewController.swift in Sources */ = {isa = PBXBuildFile; fileRef = B8E9FA7D24BA059600A97235 /* SettingCodePopViewController.swift */; };
		B8E9FA8024BA3D2E00A97235 /* CancelCardViewController.swift in Sources */ = {isa = PBXBuildFile; fileRef = B8E9FA7F24BA3D2E00A97235 /* CancelCardViewController.swift */; };
		B8E9FA8224BA50D800A97235 /* ChangeToDrawPopViewController.swift in Sources */ = {isa = PBXBuildFile; fileRef = B8E9FA8124BA50D800A97235 /* ChangeToDrawPopViewController.swift */; };
		B8E9FA8424BA50EA00A97235 /* ChangeToTextPopViewController.swift in Sources */ = {isa = PBXBuildFile; fileRef = B8E9FA8324BA50EA00A97235 /* ChangeToTextPopViewController.swift */; };
		B8E9FA8824BA5A8700A97235 /* SelectNextPopViewController.swift in Sources */ = {isa = PBXBuildFile; fileRef = B8E9FA8724BA5A8700A97235 /* SelectNextPopViewController.swift */; };
		B8E9FA8A24BA5C8E00A97235 /* EndProjectPopViewController.swift in Sources */ = {isa = PBXBuildFile; fileRef = B8E9FA8924BA5C8E00A97235 /* EndProjectPopViewController.swift */; };
		B8F5636024DB1AD40036C768 /* LogoutPopUpViewController.swift in Sources */ = {isa = PBXBuildFile; fileRef = B8F5635F24DB1AD40036C768 /* LogoutPopUpViewController.swift */; };
		D10C547524F80CBD00077C29 /* NotoSansCJKkr-Bold.otf in Resources */ = {isa = PBXBuildFile; fileRef = D1FCDB6A24F5F57C00EF8A71 /* NotoSansCJKkr-Bold.otf */; };
		D10C547624F80CC000077C29 /* NotoSansCJKkr-Medium.otf in Resources */ = {isa = PBXBuildFile; fileRef = D1FCDB6B24F5F57D00EF8A71 /* NotoSansCJKkr-Medium.otf */; };
		D10C547724F80CC600077C29 /* NotoSansCJKkr-Regular.otf in Resources */ = {isa = PBXBuildFile; fileRef = D1FCDB6C24F5F57D00EF8A71 /* NotoSansCJKkr-Regular.otf */; };
		D117DD3224F92DAC0017A602 /* ProjectRound.storyboard in Resources */ = {isa = PBXBuildFile; fileRef = D117DD3124F92DAC0017A602 /* ProjectRound.storyboard */; };
		D12EC23E24AB4070007E5896 /* AppDelegate.swift in Sources */ = {isa = PBXBuildFile; fileRef = D12EC23D24AB4070007E5896 /* AppDelegate.swift */; };
		D12EC24A24AB4072007E5896 /* Assets.xcassets in Resources */ = {isa = PBXBuildFile; fileRef = D12EC24924AB4072007E5896 /* Assets.xcassets */; };
		D13DD4EC24F2D10C005C569F /* ParticipantCell.swift in Sources */ = {isa = PBXBuildFile; fileRef = D13DD4EB24F2D10C005C569F /* ParticipantCell.swift */; };
		D13DD4F024F44832005C569F /* splash.json in Resources */ = {isa = PBXBuildFile; fileRef = D13DD4EF24F44832005C569F /* splash.json */; };
		D13EA00824ED4644001392A8 /* ProjectInfoPopUp.swift in Sources */ = {isa = PBXBuildFile; fileRef = D13EA00724ED4644001392A8 /* ProjectInfoPopUp.swift */; };
		D1469A6E24DDDFE100D337F1 /* ProjectSetting.swift in Sources */ = {isa = PBXBuildFile; fileRef = D1469A6D24DDDFE100D337F1 /* ProjectSetting.swift */; };
		D147598524AB4DA3006C4122 /* SceneDelegate.swift in Sources */ = {isa = PBXBuildFile; fileRef = D147598424AB4DA3006C4122 /* SceneDelegate.swift */; };
		D147B40324BDABAA0064B026 /* Card.swift in Sources */ = {isa = PBXBuildFile; fileRef = D147B40224BDABAA0064B026 /* Card.swift */; };
		D149795624E1689D0021CA32 /* DrawingCarouselCell.swift in Sources */ = {isa = PBXBuildFile; fileRef = D149795424E1689D0021CA32 /* DrawingCarouselCell.swift */; };
		D149795A24E168B00021CA32 /* MemoCarouselCell.swift in Sources */ = {isa = PBXBuildFile; fileRef = D149795824E168B00021CA32 /* MemoCarouselCell.swift */; };
		D149795D24E17AB90021CA32 /* CALayer.swift in Sources */ = {isa = PBXBuildFile; fileRef = D149795C24E17AB90021CA32 /* CALayer.swift */; };
		D14A633A24EC436E00212B37 /* CardDetailViewController.swift in Sources */ = {isa = PBXBuildFile; fileRef = D14A633924EC436E00212B37 /* CardDetailViewController.swift */; };
		D14B131E24C1E6D6002E87F2 /* AllRoundCarouselViewController.swift in Sources */ = {isa = PBXBuildFile; fileRef = D14B131D24C1E6D6002E87F2 /* AllRoundCarouselViewController.swift */; };
		D14B132024C1E92B002E87F2 /* CarouselFlowLayout.swift in Sources */ = {isa = PBXBuildFile; fileRef = D14B131F24C1E92B002E87F2 /* CarouselFlowLayout.swift */; };
		D14BC39524EADA240075F026 /* ProjectInfoCell.swift in Sources */ = {isa = PBXBuildFile; fileRef = D14BC39324EADA240075F026 /* ProjectInfoCell.swift */; };
		D14BC39D24EAE3620075F026 /* RoundInfoCell.swift in Sources */ = {isa = PBXBuildFile; fileRef = D14BC39B24EAE3620075F026 /* RoundInfoCell.swift */; };
		D14BC3A124EAEFAA0075F026 /* ProjectFinishFooterView.swift in Sources */ = {isa = PBXBuildFile; fileRef = D14BC39F24EAEFAA0075F026 /* ProjectFinishFooterView.swift */; };
		D14BC3A424EB17CF0075F026 /* ProjectFinalViewController.swift in Sources */ = {isa = PBXBuildFile; fileRef = D14BC3A324EB17CF0075F026 /* ProjectFinalViewController.swift */; };
		D14D357124EBD540008E7581 /* ViewTransitionDelegate.swift in Sources */ = {isa = PBXBuildFile; fileRef = D14D357024EBD540008E7581 /* ViewTransitionDelegate.swift */; };
		D14FE22924E43A6400DACF8E /* CustomNavigationBar.swift in Sources */ = {isa = PBXBuildFile; fileRef = D14FE22824E43A6400DACF8E /* CustomNavigationBar.swift */; };
		D15088AB24BD98DD007D9596 /* Round.swift in Sources */ = {isa = PBXBuildFile; fileRef = D15088AA24BD98DC007D9596 /* Round.swift */; };
		D154C46424BEECF700FC95C9 /* UIImage.swift in Sources */ = {isa = PBXBuildFile; fileRef = D154C46324BEECF700FC95C9 /* UIImage.swift */; };
		D1559FC024DBEEFA0026F6F7 /* RoundFinishedPopup.swift in Sources */ = {isa = PBXBuildFile; fileRef = D1559FBF24DBEEFA0026F6F7 /* RoundFinishedPopup.swift */; };
		D15BBB7724F5A19900477589 /* LogIn.storyboard in Resources */ = {isa = PBXBuildFile; fileRef = B8E34D5824E438C7003538A8 /* LogIn.storyboard */; };
		D15EA3EE24BF3FD900D3017F /* MemoCell.swift in Sources */ = {isa = PBXBuildFile; fileRef = D15EA3ED24BF3FD900D3017F /* MemoCell.swift */; };
		D15EA3F024BF3FE800D3017F /* DrawingCell.swift in Sources */ = {isa = PBXBuildFile; fileRef = D15EA3EF24BF3FE800D3017F /* DrawingCell.swift */; };
		D160AFAC24E3FD9F00ED09C7 /* ShadowRoundedView.swift in Sources */ = {isa = PBXBuildFile; fileRef = D160AFAB24E3FD9F00ED09C7 /* ShadowRoundedView.swift */; };
		D16635A824D8A86D00B881AB /* Timer.swift in Sources */ = {isa = PBXBuildFile; fileRef = D16635A724D8A86D00B881AB /* Timer.swift */; };
		D186EFF924BF5E4F00D67FAD /* AllRoundViewController.swift in Sources */ = {isa = PBXBuildFile; fileRef = D186EFF824BF5E4F00D67FAD /* AllRoundViewController.swift */; };
		D186EFFD24BF840000D67FAD /* MainViewController.swift in Sources */ = {isa = PBXBuildFile; fileRef = D186EFFC24BF840000D67FAD /* MainViewController.swift */; };
		D186EFFF24BF863100D67FAD /* ProjectSummaryCell.swift in Sources */ = {isa = PBXBuildFile; fileRef = D186EFFE24BF863100D67FAD /* ProjectSummaryCell.swift */; };
		D186F00324BFAE3E00D67FAD /* AllProjectViewController.swift in Sources */ = {isa = PBXBuildFile; fileRef = D186F00224BFAE3D00D67FAD /* AllProjectViewController.swift */; };
		D18D89B624B3A6FF00D8779E /* UIView.swift in Sources */ = {isa = PBXBuildFile; fileRef = D18D89B524B3A6FF00D8779E /* UIView.swift */; };
		D19533B724BCB072008DB22F /* Member.swift in Sources */ = {isa = PBXBuildFile; fileRef = D19533B624BCB072008DB22F /* Member.swift */; };
		D1E5837324BC95690013FB7C /* Canvas.swift in Sources */ = {isa = PBXBuildFile; fileRef = D1E5837124BC95690013FB7C /* Canvas.swift */; };
		D1E5837424BC95690013FB7C /* AddCardViewController.swift in Sources */ = {isa = PBXBuildFile; fileRef = D1E5837224BC95690013FB7C /* AddCardViewController.swift */; };
		D1E5838524BC95990013FB7C /* RoundMeetingViewController.swift in Sources */ = {isa = PBXBuildFile; fileRef = D1E5837B24BC95980013FB7C /* RoundMeetingViewController.swift */; };
		D1E5838724BC95990013FB7C /* SocketIOManager.swift in Sources */ = {isa = PBXBuildFile; fileRef = D1E5837D24BC95990013FB7C /* SocketIOManager.swift */; };
		D1E5838C24BC96270013FB7C /* UIViewController.swift in Sources */ = {isa = PBXBuildFile; fileRef = D1E5838B24BC96270013FB7C /* UIViewController.swift */; };
		D1E5839424BC965C0013FB7C /* NetworkManager.swift in Sources */ = {isa = PBXBuildFile; fileRef = D1E5839124BC965C0013FB7C /* NetworkManager.swift */; };
		D1E5839524BC965C0013FB7C /* Project.swift in Sources */ = {isa = PBXBuildFile; fileRef = D1E5839224BC965C0013FB7C /* Project.swift */; };
		D1E5839624BC965C0013FB7C /* Response.swift in Sources */ = {isa = PBXBuildFile; fileRef = D1E5839324BC965C0013FB7C /* Response.swift */; };
		D1E5839824BC96C00013FB7C /* Main.storyboard in Resources */ = {isa = PBXBuildFile; fileRef = D1E5839724BC96C00013FB7C /* Main.storyboard */; };
		D1FCDB6224F5A7F200EF8A71 /* DrawingCarouselCell.xib in Resources */ = {isa = PBXBuildFile; fileRef = D149795524E1689D0021CA32 /* DrawingCarouselCell.xib */; };
		D1FCDB6324F5A7F700EF8A71 /* MemoCarouselCell.xib in Resources */ = {isa = PBXBuildFile; fileRef = D149795924E168B00021CA32 /* MemoCarouselCell.xib */; };
		D1FCDB6724F5F3E700EF8A71 /* ProjectInfoCell.xib in Resources */ = {isa = PBXBuildFile; fileRef = D14BC39424EADA240075F026 /* ProjectInfoCell.xib */; };
		D1FCDB6824F5F3EA00EF8A71 /* RoundInfoCell.xib in Resources */ = {isa = PBXBuildFile; fileRef = D14BC39C24EAE3620075F026 /* RoundInfoCell.xib */; };
		D1FCDB6924F5F3EC00EF8A71 /* ProjectFinishFooterView.xib in Resources */ = {isa = PBXBuildFile; fileRef = D14BC3A024EAEFAA0075F026 /* ProjectFinishFooterView.xib */; };
		D1FCDB7024F5F8C300EF8A71 /* STORM.xcdatamodeld in Sources */ = {isa = PBXBuildFile; fileRef = D12EC24624AB4070007E5896 /* STORM.xcdatamodeld */; };
		D1FCDB7124F5F8E600EF8A71 /* LaunchScreen.storyboard in Resources */ = {isa = PBXBuildFile; fileRef = D12EC24B24AB4072007E5896 /* LaunchScreen.storyboard */; };
		D1FCDB7324F63CDB00EF8A71 /* ApplicationSetting.swift in Sources */ = {isa = PBXBuildFile; fileRef = D1FCDB7224F63CDB00EF8A71 /* ApplicationSetting.swift */; };
		D75ECBE624B6BD2500CB46C3 /* RoundStartAlertPopupViewController.swift in Sources */ = {isa = PBXBuildFile; fileRef = D75ECBE524B6BD2500CB46C3 /* RoundStartAlertPopupViewController.swift */; };
		D75ECBEC24B6C7EF00CB46C3 /* ProjectSettingViewController.swift in Sources */ = {isa = PBXBuildFile; fileRef = D75ECBEB24B6C7EF00CB46C3 /* ProjectSettingViewController.swift */; };
		D761568F24B8D4AD00D4D484 /* UITextField.swift in Sources */ = {isa = PBXBuildFile; fileRef = D761568E24B8D4AD00D4D484 /* UITextField.swift */; };
		D761569124BADDEC00D4D484 /* RoundStartViewController.swift in Sources */ = {isa = PBXBuildFile; fileRef = D761569024BADDEC00D4D484 /* RoundStartViewController.swift */; };
		D761569524BB487600D4D484 /* UIColor+Extensions.swift in Sources */ = {isa = PBXBuildFile; fileRef = D761569424BB487600D4D484 /* UIColor+Extensions.swift */; };
		D781D6FB24B4A66F00AAE389 /* RoundFinished.storyboard in Resources */ = {isa = PBXBuildFile; fileRef = D781D6EB24B4A66F00AAE389 /* RoundFinished.storyboard */; };
		D781D6FC24B4A66F00AAE389 /* LayerExtension.swift in Sources */ = {isa = PBXBuildFile; fileRef = D781D6EC24B4A66F00AAE389 /* LayerExtension.swift */; };
		D781D6FF24B4A66F00AAE389 /* ReminderPopupViewController.swift in Sources */ = {isa = PBXBuildFile; fileRef = D781D6F024B4A66F00AAE389 /* ReminderPopupViewController.swift */; };
		D781D70124B4A66F00AAE389 /* ScrapCardViewController.swift in Sources */ = {isa = PBXBuildFile; fileRef = D781D6F224B4A66F00AAE389 /* ScrapCardViewController.swift */; };
		D781D70224B4A66F00AAE389 /* RoundCollectionViewCell.swift in Sources */ = {isa = PBXBuildFile; fileRef = D781D6F424B4A66F00AAE389 /* RoundCollectionViewCell.swift */; };
		D781D70724B4A66F00AAE389 /* RoundCollectionViewCell.xib in Resources */ = {isa = PBXBuildFile; fileRef = D781D6F924B4A66F00AAE389 /* RoundCollectionViewCell.xib */; };
		D781D70F24B4B07100AAE389 /* FinishedRoundViewController.swift in Sources */ = {isa = PBXBuildFile; fileRef = D781D70E24B4B07100AAE389 /* FinishedRoundViewController.swift */; };
		D7EB706A24B8B75A0041B9CA /* RoundSettingViewController.swift in Sources */ = {isa = PBXBuildFile; fileRef = D7EB706924B8B75A0041B9CA /* RoundSettingViewController.swift */; };
/* End PBXBuildFile section */

/* Begin PBXFileReference section */
		446905E67F662B2207C7B0E7 /* Pods-STORM.debug.xcconfig */ = {isa = PBXFileReference; includeInIndex = 1; lastKnownFileType = text.xcconfig; name = "Pods-STORM.debug.xcconfig"; path = "Target Support Files/Pods-STORM/Pods-STORM.debug.xcconfig"; sourceTree = "<group>"; };
		B800D24524E86D960024CE2F /* login_0816.json */ = {isa = PBXFileReference; fileEncoding = 4; lastKnownFileType = text.json; name = login_0816.json; path = STORM/login_0816.json; sourceTree = SOURCE_ROOT; };
		B806015824E50318006AA9EF /* SignUp.storyboard */ = {isa = PBXFileReference; lastKnownFileType = file.storyboard; path = SignUp.storyboard; sourceTree = "<group>"; };
		B806015A24E51254006AA9EF /* LogInViewController.swift */ = {isa = PBXFileReference; lastKnownFileType = sourcecode.swift; path = LogInViewController.swift; sourceTree = "<group>"; };
		B806015C24E5207E006AA9EF /* SignUpViewController.swift */ = {isa = PBXFileReference; lastKnownFileType = sourcecode.swift; path = SignUpViewController.swift; sourceTree = "<group>"; };
		B806015E24E527B7006AA9EF /* SignUpProfileViewController.swift */ = {isa = PBXFileReference; lastKnownFileType = sourcecode.swift; path = SignUpProfileViewController.swift; sourceTree = "<group>"; };
		B81720B224ED39E600DB085D /* GoBackPopUpViewController.swift */ = {isa = PBXFileReference; lastKnownFileType = sourcecode.swift; path = GoBackPopUpViewController.swift; sourceTree = "<group>"; };
		B82094D424BCE25700DB543F /* real_loading.json */ = {isa = PBXFileReference; fileEncoding = 4; lastKnownFileType = text.json; path = real_loading.json; sourceTree = "<group>"; };
		B84697E124D30FAA00E56804 /* MyPage.storyboard */ = {isa = PBXFileReference; lastKnownFileType = file.storyboard; path = MyPage.storyboard; sourceTree = "<group>"; };
		B84697E424D313FB00E56804 /* ProfileViewController.swift */ = {isa = PBXFileReference; lastKnownFileType = sourcecode.swift; path = ProfileViewController.swift; sourceTree = "<group>"; };
		B84697E824D3141D00E56804 /* DeleteAccountViewController.swift */ = {isa = PBXFileReference; lastKnownFileType = sourcecode.swift; path = DeleteAccountViewController.swift; sourceTree = "<group>"; };
		B84C530E24ED54BE00B4CF1D /* User.swift */ = {isa = PBXFileReference; lastKnownFileType = sourcecode.swift; path = User.swift; sourceTree = "<group>"; };
		B878A01124D9692400A8C19F /* CameraPopUpViewController.swift */ = {isa = PBXFileReference; lastKnownFileType = sourcecode.swift; path = CameraPopUpViewController.swift; sourceTree = "<group>"; };
		B878A01324DA051A00A8C19F /* EnsureDeleteViewController.swift */ = {isa = PBXFileReference; lastKnownFileType = sourcecode.swift; path = EnsureDeleteViewController.swift; sourceTree = "<group>"; };
		B882FCA824F95ACB0016DD74 /* ProjectRound.storyboard */ = {isa = PBXFileReference; fileEncoding = 4; lastKnownFileType = file.storyboard; path = ProjectRound.storyboard; sourceTree = "<group>"; };
		B8E34D5824E438C7003538A8 /* LogIn.storyboard */ = {isa = PBXFileReference; lastKnownFileType = file.storyboard; path = LogIn.storyboard; sourceTree = "<group>"; };
		B8E9FA7124B9B7CB00A97235 /* OneLineMessagePopViewController.swift */ = {isa = PBXFileReference; lastKnownFileType = sourcecode.swift; path = OneLineMessagePopViewController.swift; sourceTree = "<group>"; };
		B8E9FA7324B9B7FC00A97235 /* PopUp.storyboard */ = {isa = PBXFileReference; lastKnownFileType = file.storyboard; path = PopUp.storyboard; sourceTree = "<group>"; };
		B8E9FA7924B9FC0500A97235 /* ReminderPopViewController.swift */ = {isa = PBXFileReference; lastKnownFileType = sourcecode.swift; path = ReminderPopViewController.swift; sourceTree = "<group>"; };
		B8E9FA7B24B9FC3B00A97235 /* RoundStartPopViewController.swift */ = {isa = PBXFileReference; lastKnownFileType = sourcecode.swift; path = RoundStartPopViewController.swift; sourceTree = "<group>"; };
		B8E9FA7D24BA059600A97235 /* SettingCodePopViewController.swift */ = {isa = PBXFileReference; lastKnownFileType = sourcecode.swift; path = SettingCodePopViewController.swift; sourceTree = "<group>"; };
		B8E9FA7F24BA3D2E00A97235 /* CancelCardViewController.swift */ = {isa = PBXFileReference; lastKnownFileType = sourcecode.swift; path = CancelCardViewController.swift; sourceTree = "<group>"; };
		B8E9FA8124BA50D800A97235 /* ChangeToDrawPopViewController.swift */ = {isa = PBXFileReference; lastKnownFileType = sourcecode.swift; path = ChangeToDrawPopViewController.swift; sourceTree = "<group>"; };
		B8E9FA8324BA50EA00A97235 /* ChangeToTextPopViewController.swift */ = {isa = PBXFileReference; lastKnownFileType = sourcecode.swift; path = ChangeToTextPopViewController.swift; sourceTree = "<group>"; };
		B8E9FA8724BA5A8700A97235 /* SelectNextPopViewController.swift */ = {isa = PBXFileReference; lastKnownFileType = sourcecode.swift; path = SelectNextPopViewController.swift; sourceTree = "<group>"; };
		B8E9FA8924BA5C8E00A97235 /* EndProjectPopViewController.swift */ = {isa = PBXFileReference; lastKnownFileType = sourcecode.swift; path = EndProjectPopViewController.swift; sourceTree = "<group>"; };
		B8F5635F24DB1AD40036C768 /* LogoutPopUpViewController.swift */ = {isa = PBXFileReference; lastKnownFileType = sourcecode.swift; path = LogoutPopUpViewController.swift; sourceTree = "<group>"; };
		D117DD3124F92DAC0017A602 /* ProjectRound.storyboard */ = {isa = PBXFileReference; fileEncoding = 4; lastKnownFileType = file.storyboard; path = ProjectRound.storyboard; sourceTree = "<group>"; };
		D12EC23A24AB4070007E5896 /* STORM.app */ = {isa = PBXFileReference; explicitFileType = wrapper.application; includeInIndex = 0; path = STORM.app; sourceTree = BUILT_PRODUCTS_DIR; };
		D12EC23D24AB4070007E5896 /* AppDelegate.swift */ = {isa = PBXFileReference; lastKnownFileType = sourcecode.swift; path = AppDelegate.swift; sourceTree = "<group>"; };
		D12EC24724AB4070007E5896 /* STORM.xcdatamodel */ = {isa = PBXFileReference; lastKnownFileType = wrapper.xcdatamodel; path = STORM.xcdatamodel; sourceTree = "<group>"; };
		D12EC24924AB4072007E5896 /* Assets.xcassets */ = {isa = PBXFileReference; lastKnownFileType = folder.assetcatalog; path = Assets.xcassets; sourceTree = "<group>"; };
		D12EC24C24AB4072007E5896 /* Base */ = {isa = PBXFileReference; lastKnownFileType = file.storyboard; name = Base; path = Base.lproj/LaunchScreen.storyboard; sourceTree = "<group>"; };
		D12EC24E24AB4072007E5896 /* Info.plist */ = {isa = PBXFileReference; lastKnownFileType = text.plist.xml; path = Info.plist; sourceTree = "<group>"; };
		D13DD4EB24F2D10C005C569F /* ParticipantCell.swift */ = {isa = PBXFileReference; lastKnownFileType = sourcecode.swift; path = ParticipantCell.swift; sourceTree = "<group>"; };
		D13DD4EF24F44832005C569F /* splash.json */ = {isa = PBXFileReference; fileEncoding = 4; lastKnownFileType = text.json; path = splash.json; sourceTree = "<group>"; };
		D13EA00724ED4644001392A8 /* ProjectInfoPopUp.swift */ = {isa = PBXFileReference; lastKnownFileType = sourcecode.swift; path = ProjectInfoPopUp.swift; sourceTree = "<group>"; };
		D1469A6D24DDDFE100D337F1 /* ProjectSetting.swift */ = {isa = PBXFileReference; lastKnownFileType = sourcecode.swift; path = ProjectSetting.swift; sourceTree = "<group>"; };
		D147598424AB4DA3006C4122 /* SceneDelegate.swift */ = {isa = PBXFileReference; lastKnownFileType = sourcecode.swift; path = SceneDelegate.swift; sourceTree = "<group>"; };
		D147B40224BDABAA0064B026 /* Card.swift */ = {isa = PBXFileReference; lastKnownFileType = sourcecode.swift; path = Card.swift; sourceTree = "<group>"; };
		D149795424E1689D0021CA32 /* DrawingCarouselCell.swift */ = {isa = PBXFileReference; lastKnownFileType = sourcecode.swift; path = DrawingCarouselCell.swift; sourceTree = "<group>"; };
		D149795524E1689D0021CA32 /* DrawingCarouselCell.xib */ = {isa = PBXFileReference; lastKnownFileType = file.xib; path = DrawingCarouselCell.xib; sourceTree = "<group>"; };
		D149795824E168B00021CA32 /* MemoCarouselCell.swift */ = {isa = PBXFileReference; lastKnownFileType = sourcecode.swift; path = MemoCarouselCell.swift; sourceTree = "<group>"; };
		D149795924E168B00021CA32 /* MemoCarouselCell.xib */ = {isa = PBXFileReference; lastKnownFileType = file.xib; path = MemoCarouselCell.xib; sourceTree = "<group>"; };
		D149795C24E17AB90021CA32 /* CALayer.swift */ = {isa = PBXFileReference; lastKnownFileType = sourcecode.swift; path = CALayer.swift; sourceTree = "<group>"; };
		D14A633924EC436E00212B37 /* CardDetailViewController.swift */ = {isa = PBXFileReference; lastKnownFileType = sourcecode.swift; path = CardDetailViewController.swift; sourceTree = "<group>"; };
		D14B131D24C1E6D6002E87F2 /* AllRoundCarouselViewController.swift */ = {isa = PBXFileReference; lastKnownFileType = sourcecode.swift; path = AllRoundCarouselViewController.swift; sourceTree = "<group>"; };
		D14B131F24C1E92B002E87F2 /* CarouselFlowLayout.swift */ = {isa = PBXFileReference; lastKnownFileType = sourcecode.swift; path = CarouselFlowLayout.swift; sourceTree = "<group>"; };
		D14BC39324EADA240075F026 /* ProjectInfoCell.swift */ = {isa = PBXFileReference; lastKnownFileType = sourcecode.swift; path = ProjectInfoCell.swift; sourceTree = "<group>"; };
		D14BC39424EADA240075F026 /* ProjectInfoCell.xib */ = {isa = PBXFileReference; lastKnownFileType = file.xib; path = ProjectInfoCell.xib; sourceTree = "<group>"; };
		D14BC39B24EAE3620075F026 /* RoundInfoCell.swift */ = {isa = PBXFileReference; lastKnownFileType = sourcecode.swift; path = RoundInfoCell.swift; sourceTree = "<group>"; };
		D14BC39C24EAE3620075F026 /* RoundInfoCell.xib */ = {isa = PBXFileReference; lastKnownFileType = file.xib; path = RoundInfoCell.xib; sourceTree = "<group>"; };
		D14BC39F24EAEFAA0075F026 /* ProjectFinishFooterView.swift */ = {isa = PBXFileReference; lastKnownFileType = sourcecode.swift; path = ProjectFinishFooterView.swift; sourceTree = "<group>"; };
		D14BC3A024EAEFAA0075F026 /* ProjectFinishFooterView.xib */ = {isa = PBXFileReference; lastKnownFileType = file.xib; path = ProjectFinishFooterView.xib; sourceTree = "<group>"; };
		D14BC3A324EB17CF0075F026 /* ProjectFinalViewController.swift */ = {isa = PBXFileReference; lastKnownFileType = sourcecode.swift; path = ProjectFinalViewController.swift; sourceTree = "<group>"; };
		D14D357024EBD540008E7581 /* ViewTransitionDelegate.swift */ = {isa = PBXFileReference; lastKnownFileType = sourcecode.swift; path = ViewTransitionDelegate.swift; sourceTree = "<group>"; };
		D14FE22824E43A6400DACF8E /* CustomNavigationBar.swift */ = {isa = PBXFileReference; lastKnownFileType = sourcecode.swift; path = CustomNavigationBar.swift; sourceTree = "<group>"; };
		D15088AA24BD98DC007D9596 /* Round.swift */ = {isa = PBXFileReference; lastKnownFileType = sourcecode.swift; path = Round.swift; sourceTree = "<group>"; };
		D154C46324BEECF700FC95C9 /* UIImage.swift */ = {isa = PBXFileReference; lastKnownFileType = sourcecode.swift; path = UIImage.swift; sourceTree = "<group>"; };
		D1559FBF24DBEEFA0026F6F7 /* RoundFinishedPopup.swift */ = {isa = PBXFileReference; lastKnownFileType = sourcecode.swift; path = RoundFinishedPopup.swift; sourceTree = "<group>"; };
		D15EA3ED24BF3FD900D3017F /* MemoCell.swift */ = {isa = PBXFileReference; lastKnownFileType = sourcecode.swift; path = MemoCell.swift; sourceTree = "<group>"; };
		D15EA3EF24BF3FE800D3017F /* DrawingCell.swift */ = {isa = PBXFileReference; lastKnownFileType = sourcecode.swift; path = DrawingCell.swift; sourceTree = "<group>"; };
		D160AFAB24E3FD9F00ED09C7 /* ShadowRoundedView.swift */ = {isa = PBXFileReference; lastKnownFileType = sourcecode.swift; path = ShadowRoundedView.swift; sourceTree = "<group>"; };
		D16635A724D8A86D00B881AB /* Timer.swift */ = {isa = PBXFileReference; lastKnownFileType = sourcecode.swift; path = Timer.swift; sourceTree = "<group>"; };
		D186EFF824BF5E4F00D67FAD /* AllRoundViewController.swift */ = {isa = PBXFileReference; lastKnownFileType = sourcecode.swift; path = AllRoundViewController.swift; sourceTree = "<group>"; };
		D186EFFC24BF840000D67FAD /* MainViewController.swift */ = {isa = PBXFileReference; lastKnownFileType = sourcecode.swift; path = MainViewController.swift; sourceTree = "<group>"; };
		D186EFFE24BF863100D67FAD /* ProjectSummaryCell.swift */ = {isa = PBXFileReference; lastKnownFileType = sourcecode.swift; path = ProjectSummaryCell.swift; sourceTree = "<group>"; };
		D186F00224BFAE3D00D67FAD /* AllProjectViewController.swift */ = {isa = PBXFileReference; lastKnownFileType = sourcecode.swift; path = AllProjectViewController.swift; sourceTree = "<group>"; };
		D18D89B524B3A6FF00D8779E /* UIView.swift */ = {isa = PBXFileReference; lastKnownFileType = sourcecode.swift; path = UIView.swift; sourceTree = "<group>"; };
		D19533B624BCB072008DB22F /* Member.swift */ = {isa = PBXFileReference; lastKnownFileType = sourcecode.swift; path = Member.swift; sourceTree = "<group>"; };
		D1E5837124BC95690013FB7C /* Canvas.swift */ = {isa = PBXFileReference; fileEncoding = 4; lastKnownFileType = sourcecode.swift; path = Canvas.swift; sourceTree = "<group>"; };
		D1E5837224BC95690013FB7C /* AddCardViewController.swift */ = {isa = PBXFileReference; fileEncoding = 4; lastKnownFileType = sourcecode.swift; path = AddCardViewController.swift; sourceTree = "<group>"; };
		D1E5837B24BC95980013FB7C /* RoundMeetingViewController.swift */ = {isa = PBXFileReference; fileEncoding = 4; lastKnownFileType = sourcecode.swift; path = RoundMeetingViewController.swift; sourceTree = "<group>"; wrapsLines = 1; };
		D1E5837D24BC95990013FB7C /* SocketIOManager.swift */ = {isa = PBXFileReference; fileEncoding = 4; lastKnownFileType = sourcecode.swift; path = SocketIOManager.swift; sourceTree = "<group>"; };
		D1E5838B24BC96270013FB7C /* UIViewController.swift */ = {isa = PBXFileReference; fileEncoding = 4; lastKnownFileType = sourcecode.swift; path = UIViewController.swift; sourceTree = "<group>"; };
		D1E5839124BC965C0013FB7C /* NetworkManager.swift */ = {isa = PBXFileReference; fileEncoding = 4; lastKnownFileType = sourcecode.swift; path = NetworkManager.swift; sourceTree = "<group>"; };
		D1E5839224BC965C0013FB7C /* Project.swift */ = {isa = PBXFileReference; fileEncoding = 4; lastKnownFileType = sourcecode.swift; path = Project.swift; sourceTree = "<group>"; };
		D1E5839324BC965C0013FB7C /* Response.swift */ = {isa = PBXFileReference; fileEncoding = 4; lastKnownFileType = sourcecode.swift; path = Response.swift; sourceTree = "<group>"; };
		D1E5839724BC96C00013FB7C /* Main.storyboard */ = {isa = PBXFileReference; fileEncoding = 4; lastKnownFileType = file.storyboard; path = Main.storyboard; sourceTree = "<group>"; };
		D1FCDB6A24F5F57C00EF8A71 /* NotoSansCJKkr-Bold.otf */ = {isa = PBXFileReference; lastKnownFileType = file; path = "NotoSansCJKkr-Bold.otf"; sourceTree = "<group>"; };
		D1FCDB6B24F5F57D00EF8A71 /* NotoSansCJKkr-Medium.otf */ = {isa = PBXFileReference; lastKnownFileType = file; path = "NotoSansCJKkr-Medium.otf"; sourceTree = "<group>"; };
		D1FCDB6C24F5F57D00EF8A71 /* NotoSansCJKkr-Regular.otf */ = {isa = PBXFileReference; lastKnownFileType = file; path = "NotoSansCJKkr-Regular.otf"; sourceTree = "<group>"; };
		D1FCDB7224F63CDB00EF8A71 /* ApplicationSetting.swift */ = {isa = PBXFileReference; lastKnownFileType = sourcecode.swift; path = ApplicationSetting.swift; sourceTree = "<group>"; };
		D75ECBE524B6BD2500CB46C3 /* RoundStartAlertPopupViewController.swift */ = {isa = PBXFileReference; lastKnownFileType = sourcecode.swift; path = RoundStartAlertPopupViewController.swift; sourceTree = "<group>"; };
		D75ECBEB24B6C7EF00CB46C3 /* ProjectSettingViewController.swift */ = {isa = PBXFileReference; lastKnownFileType = sourcecode.swift; path = ProjectSettingViewController.swift; sourceTree = "<group>"; };
		D761568E24B8D4AD00D4D484 /* UITextField.swift */ = {isa = PBXFileReference; lastKnownFileType = sourcecode.swift; path = UITextField.swift; sourceTree = "<group>"; };
		D761569024BADDEC00D4D484 /* RoundStartViewController.swift */ = {isa = PBXFileReference; lastKnownFileType = sourcecode.swift; path = RoundStartViewController.swift; sourceTree = "<group>"; };
		D761569424BB487600D4D484 /* UIColor+Extensions.swift */ = {isa = PBXFileReference; lastKnownFileType = sourcecode.swift; path = "UIColor+Extensions.swift"; sourceTree = "<group>"; };
		D781D6EB24B4A66F00AAE389 /* RoundFinished.storyboard */ = {isa = PBXFileReference; fileEncoding = 4; lastKnownFileType = file.storyboard; path = RoundFinished.storyboard; sourceTree = "<group>"; };
		D781D6EC24B4A66F00AAE389 /* LayerExtension.swift */ = {isa = PBXFileReference; fileEncoding = 4; lastKnownFileType = sourcecode.swift; path = LayerExtension.swift; sourceTree = "<group>"; };
		D781D6F024B4A66F00AAE389 /* ReminderPopupViewController.swift */ = {isa = PBXFileReference; fileEncoding = 4; lastKnownFileType = sourcecode.swift; path = ReminderPopupViewController.swift; sourceTree = "<group>"; };
		D781D6F224B4A66F00AAE389 /* ScrapCardViewController.swift */ = {isa = PBXFileReference; fileEncoding = 4; lastKnownFileType = sourcecode.swift; path = ScrapCardViewController.swift; sourceTree = "<group>"; };
		D781D6F424B4A66F00AAE389 /* RoundCollectionViewCell.swift */ = {isa = PBXFileReference; fileEncoding = 4; lastKnownFileType = sourcecode.swift; path = RoundCollectionViewCell.swift; sourceTree = "<group>"; };
		D781D6F924B4A66F00AAE389 /* RoundCollectionViewCell.xib */ = {isa = PBXFileReference; fileEncoding = 4; lastKnownFileType = file.xib; path = RoundCollectionViewCell.xib; sourceTree = "<group>"; };
		D781D70E24B4B07100AAE389 /* FinishedRoundViewController.swift */ = {isa = PBXFileReference; lastKnownFileType = sourcecode.swift; path = FinishedRoundViewController.swift; sourceTree = "<group>"; };
		D7EB706924B8B75A0041B9CA /* RoundSettingViewController.swift */ = {isa = PBXFileReference; lastKnownFileType = sourcecode.swift; path = RoundSettingViewController.swift; sourceTree = "<group>"; };
		F413571526ADC3ABE1F9D186 /* Pods_STORM.framework */ = {isa = PBXFileReference; explicitFileType = wrapper.framework; includeInIndex = 0; path = Pods_STORM.framework; sourceTree = BUILT_PRODUCTS_DIR; };
		F68B1EA2A7FA6388C84C951E /* Pods-STORM.release.xcconfig */ = {isa = PBXFileReference; includeInIndex = 1; lastKnownFileType = text.xcconfig; name = "Pods-STORM.release.xcconfig"; path = "Target Support Files/Pods-STORM/Pods-STORM.release.xcconfig"; sourceTree = "<group>"; };
/* End PBXFileReference section */

/* Begin PBXFrameworksBuildPhase section */
		D12EC23724AB4070007E5896 /* Frameworks */ = {
			isa = PBXFrameworksBuildPhase;
			buildActionMask = 2147483647;
			files = (
				0BE507DF34E6144C923BB667 /* Pods_STORM.framework in Frameworks */,
			);
			runOnlyForDeploymentPostprocessing = 0;
		};
/* End PBXFrameworksBuildPhase section */

/* Begin PBXGroup section */
		69F8A07259A2F48B1ACCF1AD /* Frameworks */ = {
			isa = PBXGroup;
			children = (
				F413571526ADC3ABE1F9D186 /* Pods_STORM.framework */,
			);
			name = Frameworks;
			sourceTree = "<group>";
		};
		86663522A806D89569C56231 /* Pods */ = {
			isa = PBXGroup;
			children = (
				446905E67F662B2207C7B0E7 /* Pods-STORM.debug.xcconfig */,
				F68B1EA2A7FA6388C84C951E /* Pods-STORM.release.xcconfig */,
			);
			path = Pods;
			sourceTree = "<group>";
		};
		B806015724E502A6006AA9EF /* SignUp */ = {
			isa = PBXGroup;
			children = (
				B806015824E50318006AA9EF /* SignUp.storyboard */,
				B806015C24E5207E006AA9EF /* SignUpViewController.swift */,
				B806015E24E527B7006AA9EF /* SignUpProfileViewController.swift */,
			);
			path = SignUp;
			sourceTree = "<group>";
		};
		B84697E024D30F6A00E56804 /* MyPage */ = {
			isa = PBXGroup;
			children = (
				B84697E124D30FAA00E56804 /* MyPage.storyboard */,
				B84697E324D30FB000E56804 /* Controller */,
			);
			path = MyPage;
			sourceTree = "<group>";
		};
		B84697E324D30FB000E56804 /* Controller */ = {
			isa = PBXGroup;
			children = (
				B84697E424D313FB00E56804 /* ProfileViewController.swift */,
				B84697E824D3141D00E56804 /* DeleteAccountViewController.swift */,
				B878A01324DA051A00A8C19F /* EnsureDeleteViewController.swift */,
			);
			path = Controller;
			sourceTree = "<group>";
		};
		B84B87CF24F507F300E45C35 /* Recovered References */ = {
			isa = PBXGroup;
			children = (
			);
			name = "Recovered References";
			sourceTree = "<group>";
		};
		B8E34D5724E438A9003538A8 /* LogIn */ = {
			isa = PBXGroup;
			children = (
				B800D24524E86D960024CE2F /* login_0816.json */,
				B8E34D5824E438C7003538A8 /* LogIn.storyboard */,
				B806015A24E51254006AA9EF /* LogInViewController.swift */,
			);
			path = LogIn;
			sourceTree = "<group>";
		};
		B8E9FA6E24B9B6EB00A97235 /* PopUpViews */ = {
			isa = PBXGroup;
			children = (
				B82094D424BCE25700DB543F /* real_loading.json */,
				D13DD4EF24F44832005C569F /* splash.json */,
				B8E9FA7324B9B7FC00A97235 /* PopUp.storyboard */,
				D13EA00724ED4644001392A8 /* ProjectInfoPopUp.swift */,
				B8E9FA7124B9B7CB00A97235 /* OneLineMessagePopViewController.swift */,
				B8E9FA7924B9FC0500A97235 /* ReminderPopViewController.swift */,
				B8E9FA7B24B9FC3B00A97235 /* RoundStartPopViewController.swift */,
				B8E9FA7D24BA059600A97235 /* SettingCodePopViewController.swift */,
				B8E9FA7F24BA3D2E00A97235 /* CancelCardViewController.swift */,
				B8E9FA8124BA50D800A97235 /* ChangeToDrawPopViewController.swift */,
				B8E9FA8324BA50EA00A97235 /* ChangeToTextPopViewController.swift */,
				B8E9FA8724BA5A8700A97235 /* SelectNextPopViewController.swift */,
				B8E9FA8924BA5C8E00A97235 /* EndProjectPopViewController.swift */,
				B878A01124D9692400A8C19F /* CameraPopUpViewController.swift */,
				B8F5635F24DB1AD40036C768 /* LogoutPopUpViewController.swift */,
				D1559FBF24DBEEFA0026F6F7 /* RoundFinishedPopup.swift */,
				D781D6F024B4A66F00AAE389 /* ReminderPopupViewController.swift */,
				D75ECBE524B6BD2500CB46C3 /* RoundStartAlertPopupViewController.swift */,
				B81720B224ED39E600DB085D /* GoBackPopUpViewController.swift */,
			);
			path = PopUpViews;
			sourceTree = "<group>";
		};
		D12EC23124AB4070007E5896 = {
			isa = PBXGroup;
			children = (
				D12EC23C24AB4070007E5896 /* STORM */,
				D12EC23B24AB4070007E5896 /* Products */,
				86663522A806D89569C56231 /* Pods */,
				69F8A07259A2F48B1ACCF1AD /* Frameworks */,
				B84B87CF24F507F300E45C35 /* Recovered References */,
			);
			sourceTree = "<group>";
		};
		D12EC23B24AB4070007E5896 /* Products */ = {
			isa = PBXGroup;
			children = (
				D12EC23A24AB4070007E5896 /* STORM.app */,
			);
			name = Products;
			sourceTree = "<group>";
		};
		D12EC23C24AB4070007E5896 /* STORM */ = {
			isa = PBXGroup;
			children = (
				B806015724E502A6006AA9EF /* SignUp */,
				B8E34D5724E438A9003538A8 /* LogIn */,
				B84697E024D30F6A00E56804 /* MyPage */,
				D1E5839024BC965C0013FB7C /* Network */,
				B8E9FA6E24B9B6EB00A97235 /* PopUpViews */,
				D75ECBE724B6C78800CB46C3 /* ProjectRound */,
				D781D6EA24B4A66F00AAE389 /* RoundFinished */,
				D743C56D24AF5B7300FF6ED4 /* Extensions */,
				D17935D324B2484D00811173 /* AddCard */,
				D1E5837B24BC95980013FB7C /* RoundMeetingViewController.swift */,
				D147598424AB4DA3006C4122 /* SceneDelegate.swift */,
				D12EC23D24AB4070007E5896 /* AppDelegate.swift */,
				D15EA3ED24BF3FD900D3017F /* MemoCell.swift */,
				D15EA3EF24BF3FE800D3017F /* DrawingCell.swift */,
				D1E5839724BC96C00013FB7C /* Main.storyboard */,
				D14B131D24C1E6D6002E87F2 /* AllRoundCarouselViewController.swift */,
				D186EFF824BF5E4F00D67FAD /* AllRoundViewController.swift */,
				D186EFFC24BF840000D67FAD /* MainViewController.swift */,
				D186EFFE24BF863100D67FAD /* ProjectSummaryCell.swift */,
				D186F00224BFAE3D00D67FAD /* AllProjectViewController.swift */,
				D14B131F24C1E92B002E87F2 /* CarouselFlowLayout.swift */,
				D16635A724D8A86D00B881AB /* Timer.swift */,
				D1469A6D24DDDFE100D337F1 /* ProjectSetting.swift */,
				D1FCDB7224F63CDB00EF8A71 /* ApplicationSetting.swift */,
				D149795424E1689D0021CA32 /* DrawingCarouselCell.swift */,
				D149795524E1689D0021CA32 /* DrawingCarouselCell.xib */,
				D149795824E168B00021CA32 /* MemoCarouselCell.swift */,
				D149795924E168B00021CA32 /* MemoCarouselCell.xib */,
				D160AFAB24E3FD9F00ED09C7 /* ShadowRoundedView.swift */,
				D14FE22824E43A6400DACF8E /* CustomNavigationBar.swift */,
				D14BC3A324EB17CF0075F026 /* ProjectFinalViewController.swift */,
				D14BC39324EADA240075F026 /* ProjectInfoCell.swift */,
				D14BC39424EADA240075F026 /* ProjectInfoCell.xib */,
				D14BC39B24EAE3620075F026 /* RoundInfoCell.swift */,
				D14BC39C24EAE3620075F026 /* RoundInfoCell.xib */,
				D14BC39F24EAEFAA0075F026 /* ProjectFinishFooterView.swift */,
				D14BC3A024EAEFAA0075F026 /* ProjectFinishFooterView.xib */,
				D14D357024EBD540008E7581 /* ViewTransitionDelegate.swift */,
				D17935B824B1D73600811173 /* Fonts */,
				D7EB706624B75C320041B9CA /* SupportingFiles */,
				D12EC24924AB4072007E5896 /* Assets.xcassets */,
				D12EC24B24AB4072007E5896 /* LaunchScreen.storyboard */,
				D12EC24E24AB4072007E5896 /* Info.plist */,
				D12EC24624AB4070007E5896 /* STORM.xcdatamodeld */,
			);
			path = STORM;
			sourceTree = "<group>";
		};
		D1492CEB24E03974007C704C /* HTTP */ = {
			isa = PBXGroup;
			children = (
				D1E5839124BC965C0013FB7C /* NetworkManager.swift */,
				D1492CEC24E039B7007C704C /* Model */,
			);
			path = HTTP;
			sourceTree = "<group>";
		};
		D1492CEC24E039B7007C704C /* Model */ = {
			isa = PBXGroup;
			children = (
				D1E5839224BC965C0013FB7C /* Project.swift */,
				D1E5839324BC965C0013FB7C /* Response.swift */,
				D19533B624BCB072008DB22F /* Member.swift */,
				D15088AA24BD98DC007D9596 /* Round.swift */,
				D147B40224BDABAA0064B026 /* Card.swift */,
				B84C530E24ED54BE00B4CF1D /* User.swift */,
			);
			path = Model;
			sourceTree = "<group>";
		};
		D1492CED24E06A2F007C704C /* Socket */ = {
			isa = PBXGroup;
			children = (
				D1E5837D24BC95990013FB7C /* SocketIOManager.swift */,
			);
			path = Socket;
			sourceTree = "<group>";
		};
		D17935B824B1D73600811173 /* Fonts */ = {
			isa = PBXGroup;
			children = (
				D1FCDB6A24F5F57C00EF8A71 /* NotoSansCJKkr-Bold.otf */,
				D1FCDB6B24F5F57D00EF8A71 /* NotoSansCJKkr-Medium.otf */,
				D1FCDB6C24F5F57D00EF8A71 /* NotoSansCJKkr-Regular.otf */,
			);
			path = Fonts;
			sourceTree = "<group>";
		};
		D17935D324B2484D00811173 /* AddCard */ = {
			isa = PBXGroup;
			children = (
				D1E5837124BC95690013FB7C /* Canvas.swift */,
				D1E5837224BC95690013FB7C /* AddCardViewController.swift */,
			);
			path = AddCard;
			sourceTree = "<group>";
		};
		D1E5839024BC965C0013FB7C /* Network */ = {
			isa = PBXGroup;
			children = (
				D1492CEB24E03974007C704C /* HTTP */,
				D1492CED24E06A2F007C704C /* Socket */,
			);
			path = Network;
			sourceTree = "<group>";
		};
		D743C56D24AF5B7300FF6ED4 /* Extensions */ = {
			isa = PBXGroup;
			children = (
				D18D89B524B3A6FF00D8779E /* UIView.swift */,
				D1E5838B24BC96270013FB7C /* UIViewController.swift */,
				D761568E24B8D4AD00D4D484 /* UITextField.swift */,
				D781D6EC24B4A66F00AAE389 /* LayerExtension.swift */,
				D761569424BB487600D4D484 /* UIColor+Extensions.swift */,
				D154C46324BEECF700FC95C9 /* UIImage.swift */,
				D149795C24E17AB90021CA32 /* CALayer.swift */,
			);
			path = Extensions;
			sourceTree = "<group>";
		};
		D75ECBE724B6C78800CB46C3 /* ProjectRound */ = {
			isa = PBXGroup;
			children = (

				B882FCA824F95ACB0016DD74 /* ProjectRound.storyboard */,

				D75ECBEA24B6C7B500CB46C3 /* Controller */,
			);
			path = ProjectRound;
			sourceTree = "<group>";
		};
		D75ECBEA24B6C7B500CB46C3 /* Controller */ = {
			isa = PBXGroup;
			children = (
				D75ECBEB24B6C7EF00CB46C3 /* ProjectSettingViewController.swift */,
				D7EB706924B8B75A0041B9CA /* RoundSettingViewController.swift */,
				D761569024BADDEC00D4D484 /* RoundStartViewController.swift */,
				D13DD4EB24F2D10C005C569F /* ParticipantCell.swift */,
			);
			path = Controller;
			sourceTree = "<group>";
		};
		D781D6EA24B4A66F00AAE389 /* RoundFinished */ = {
			isa = PBXGroup;
			children = (
				D781D6EB24B4A66F00AAE389 /* RoundFinished.storyboard */,
				D781D6ED24B4A66F00AAE389 /* Controller */,
				D781D6F324B4A66F00AAE389 /* Cell */,
			);
			name = RoundFinished;
			path = Jiyoon/RoundFinished;
			sourceTree = "<group>";
		};
		D781D6ED24B4A66F00AAE389 /* Controller */ = {
			isa = PBXGroup;
			children = (
				D781D70E24B4B07100AAE389 /* FinishedRoundViewController.swift */,
				D781D6F224B4A66F00AAE389 /* ScrapCardViewController.swift */,
				D14A633924EC436E00212B37 /* CardDetailViewController.swift */,
			);
			path = Controller;
			sourceTree = "<group>";
		};
		D781D6F324B4A66F00AAE389 /* Cell */ = {
			isa = PBXGroup;
			children = (
				D781D6F424B4A66F00AAE389 /* RoundCollectionViewCell.swift */,
				D781D6F924B4A66F00AAE389 /* RoundCollectionViewCell.xib */,
			);
			path = Cell;
			sourceTree = "<group>";
		};
		D7EB706624B75C320041B9CA /* SupportingFiles */ = {
			isa = PBXGroup;
			children = (
			);
			path = SupportingFiles;
			sourceTree = "<group>";
		};
/* End PBXGroup section */

/* Begin PBXNativeTarget section */
		D12EC23924AB4070007E5896 /* STORM */ = {
			isa = PBXNativeTarget;
			buildConfigurationList = D12EC25124AB4072007E5896 /* Build configuration list for PBXNativeTarget "STORM" */;
			buildPhases = (
				0188C6842BF395314DDA0FC3 /* [CP] Check Pods Manifest.lock */,
				D12EC23624AB4070007E5896 /* Sources */,
				D12EC23724AB4070007E5896 /* Frameworks */,
				D12EC23824AB4070007E5896 /* Resources */,
				B91F7CBAF154CD574CC24957 /* [CP] Embed Pods Frameworks */,
			);
			buildRules = (
			);
			dependencies = (
			);
			name = STORM;
			productName = STORM;
			productReference = D12EC23A24AB4070007E5896 /* STORM.app */;
			productType = "com.apple.product-type.application";
		};
/* End PBXNativeTarget section */

/* Begin PBXProject section */
		D12EC23224AB4070007E5896 /* Project object */ = {
			isa = PBXProject;
			attributes = {
				LastSwiftUpdateCheck = 1130;
				LastUpgradeCheck = 1160;
				ORGANIZATIONNAME = "Team STORM";
				TargetAttributes = {
					D12EC23924AB4070007E5896 = {
						CreatedOnToolsVersion = 11.3.1;
					};
				};
			};
			buildConfigurationList = D12EC23524AB4070007E5896 /* Build configuration list for PBXProject "STORM" */;
			compatibilityVersion = "Xcode 9.3";
			developmentRegion = en;
			hasScannedForEncodings = 0;
			knownRegions = (
				en,
				Base,
			);
			mainGroup = D12EC23124AB4070007E5896;
			productRefGroup = D12EC23B24AB4070007E5896 /* Products */;
			projectDirPath = "";
			projectRoot = "";
			targets = (
				D12EC23924AB4070007E5896 /* STORM */,
			);
		};
/* End PBXProject section */

/* Begin PBXResourcesBuildPhase section */
		D12EC23824AB4070007E5896 /* Resources */ = {
			isa = PBXResourcesBuildPhase;
			buildActionMask = 2147483647;
			files = (
				B84697E224D30FAA00E56804 /* MyPage.storyboard in Resources */,
				D10C547724F80CC600077C29 /* NotoSansCJKkr-Regular.otf in Resources */,
				B800D24624E86D960024CE2F /* login_0816.json in Resources */,
				D1FCDB6324F5A7F700EF8A71 /* MemoCarouselCell.xib in Resources */,

				B882FCA924F95ACB0016DD74 /* ProjectRound.storyboard in Resources */,

				D15BBB7724F5A19900477589 /* LogIn.storyboard in Resources */,
				D1FCDB6224F5A7F200EF8A71 /* DrawingCarouselCell.xib in Resources */,
				D1FCDB7124F5F8E600EF8A71 /* LaunchScreen.storyboard in Resources */,
				D10C547624F80CC000077C29 /* NotoSansCJKkr-Medium.otf in Resources */,
				D13DD4F024F44832005C569F /* splash.json in Resources */,
				B8E9FA7424B9B7FC00A97235 /* PopUp.storyboard in Resources */,
				D1FCDB6724F5F3E700EF8A71 /* ProjectInfoCell.xib in Resources */,
				D10C547524F80CBD00077C29 /* NotoSansCJKkr-Bold.otf in Resources */,
				D12EC24A24AB4072007E5896 /* Assets.xcassets in Resources */,
				D1E5839824BC96C00013FB7C /* Main.storyboard in Resources */,
				D1FCDB6824F5F3EA00EF8A71 /* RoundInfoCell.xib in Resources */,
				D781D70724B4A66F00AAE389 /* RoundCollectionViewCell.xib in Resources */,
				D1FCDB6924F5F3EC00EF8A71 /* ProjectFinishFooterView.xib in Resources */,
				B806015924E50318006AA9EF /* SignUp.storyboard in Resources */,
				D781D6FB24B4A66F00AAE389 /* RoundFinished.storyboard in Resources */,
				B82094D524BCE25700DB543F /* real_loading.json in Resources */,
			);
			runOnlyForDeploymentPostprocessing = 0;
		};
/* End PBXResourcesBuildPhase section */

/* Begin PBXShellScriptBuildPhase section */
		0188C6842BF395314DDA0FC3 /* [CP] Check Pods Manifest.lock */ = {
			isa = PBXShellScriptBuildPhase;
			buildActionMask = 2147483647;
			files = (
			);
			inputFileListPaths = (
			);
			inputPaths = (
				"${PODS_PODFILE_DIR_PATH}/Podfile.lock",
				"${PODS_ROOT}/Manifest.lock",
			);
			name = "[CP] Check Pods Manifest.lock";
			outputFileListPaths = (
			);
			outputPaths = (
				"$(DERIVED_FILE_DIR)/Pods-STORM-checkManifestLockResult.txt",
			);
			runOnlyForDeploymentPostprocessing = 0;
			shellPath = /bin/sh;
			shellScript = "diff \"${PODS_PODFILE_DIR_PATH}/Podfile.lock\" \"${PODS_ROOT}/Manifest.lock\" > /dev/null\nif [ $? != 0 ] ; then\n    # print error to STDERR\n    echo \"error: The sandbox is not in sync with the Podfile.lock. Run 'pod install' or update your CocoaPods installation.\" >&2\n    exit 1\nfi\n# This output is used by Xcode 'outputs' to avoid re-running this script phase.\necho \"SUCCESS\" > \"${SCRIPT_OUTPUT_FILE_0}\"\n";
			showEnvVarsInLog = 0;
		};
		B91F7CBAF154CD574CC24957 /* [CP] Embed Pods Frameworks */ = {
			isa = PBXShellScriptBuildPhase;
			buildActionMask = 2147483647;
			files = (
			);
			inputFileListPaths = (
				"${PODS_ROOT}/Target Support Files/Pods-STORM/Pods-STORM-frameworks-${CONFIGURATION}-input-files.xcfilelist",
			);
			name = "[CP] Embed Pods Frameworks";
			outputFileListPaths = (
				"${PODS_ROOT}/Target Support Files/Pods-STORM/Pods-STORM-frameworks-${CONFIGURATION}-output-files.xcfilelist",
			);
			runOnlyForDeploymentPostprocessing = 0;
			shellPath = /bin/sh;
			shellScript = "\"${PODS_ROOT}/Target Support Files/Pods-STORM/Pods-STORM-frameworks.sh\"\n";
			showEnvVarsInLog = 0;
		};
/* End PBXShellScriptBuildPhase section */

/* Begin PBXSourcesBuildPhase section */
		D12EC23624AB4070007E5896 /* Sources */ = {
			isa = PBXSourcesBuildPhase;
			buildActionMask = 2147483647;
			files = (
				D781D70124B4A66F00AAE389 /* ScrapCardViewController.swift in Sources */,
				D761569524BB487600D4D484 /* UIColor+Extensions.swift in Sources */,
				D149795624E1689D0021CA32 /* DrawingCarouselCell.swift in Sources */,
				D1E5837324BC95690013FB7C /* Canvas.swift in Sources */,
				D14FE22924E43A6400DACF8E /* CustomNavigationBar.swift in Sources */,
				D781D70F24B4B07100AAE389 /* FinishedRoundViewController.swift in Sources */,
				D14BC39524EADA240075F026 /* ProjectInfoCell.swift in Sources */,
				D13EA00824ED4644001392A8 /* ProjectInfoPopUp.swift in Sources */,
				D14D357124EBD540008E7581 /* ViewTransitionDelegate.swift in Sources */,
				D149795D24E17AB90021CA32 /* CALayer.swift in Sources */,
				D18D89B624B3A6FF00D8779E /* UIView.swift in Sources */,
				D1E5839424BC965C0013FB7C /* NetworkManager.swift in Sources */,
				D1E5837424BC95690013FB7C /* AddCardViewController.swift in Sources */,
				D761569124BADDEC00D4D484 /* RoundStartViewController.swift in Sources */,
				D7EB706A24B8B75A0041B9CA /* RoundSettingViewController.swift in Sources */,
				D12EC23E24AB4070007E5896 /* AppDelegate.swift in Sources */,
				D781D6FC24B4A66F00AAE389 /* LayerExtension.swift in Sources */,
				D15EA3F024BF3FE800D3017F /* DrawingCell.swift in Sources */,
				B806015F24E527B7006AA9EF /* SignUpProfileViewController.swift in Sources */,
				B8E9FA7C24B9FC3B00A97235 /* RoundStartPopViewController.swift in Sources */,
				B8E9FA7E24BA059600A97235 /* SettingCodePopViewController.swift in Sources */,
				D19533B724BCB072008DB22F /* Member.swift in Sources */,
				D149795A24E168B00021CA32 /* MemoCarouselCell.swift in Sources */,
				D1FCDB7024F5F8C300EF8A71 /* STORM.xcdatamodeld in Sources */,
				D15088AB24BD98DD007D9596 /* Round.swift in Sources */,
				D186EFFD24BF840000D67FAD /* MainViewController.swift in Sources */,
				D13DD4EC24F2D10C005C569F /* ParticipantCell.swift in Sources */,
				D761568F24B8D4AD00D4D484 /* UITextField.swift in Sources */,
				D75ECBEC24B6C7EF00CB46C3 /* ProjectSettingViewController.swift in Sources */,
				D14BC3A424EB17CF0075F026 /* ProjectFinalViewController.swift in Sources */,
				D1559FC024DBEEFA0026F6F7 /* RoundFinishedPopup.swift in Sources */,
				D16635A824D8A86D00B881AB /* Timer.swift in Sources */,
				D1E5839524BC965C0013FB7C /* Project.swift in Sources */,
				D186F00324BFAE3E00D67FAD /* AllProjectViewController.swift in Sources */,
				D1E5838724BC95990013FB7C /* SocketIOManager.swift in Sources */,
				B8E9FA8424BA50EA00A97235 /* ChangeToTextPopViewController.swift in Sources */,
				D1E5838524BC95990013FB7C /* RoundMeetingViewController.swift in Sources */,
				D1FCDB7324F63CDB00EF8A71 /* ApplicationSetting.swift in Sources */,
				D1469A6E24DDDFE100D337F1 /* ProjectSetting.swift in Sources */,
				B8E9FA8224BA50D800A97235 /* ChangeToDrawPopViewController.swift in Sources */,
				D186EFFF24BF863100D67FAD /* ProjectSummaryCell.swift in Sources */,
				D1E5839624BC965C0013FB7C /* Response.swift in Sources */,
				B8E9FA8024BA3D2E00A97235 /* CancelCardViewController.swift in Sources */,
				B8E9FA7224B9B7CB00A97235 /* OneLineMessagePopViewController.swift in Sources */,
				B8E9FA8824BA5A8700A97235 /* SelectNextPopViewController.swift in Sources */,
				B878A01424DA051A00A8C19F /* EnsureDeleteViewController.swift in Sources */,
				D14BC3A124EAEFAA0075F026 /* ProjectFinishFooterView.swift in Sources */,
				D186EFF924BF5E4F00D67FAD /* AllRoundViewController.swift in Sources */,
				D15EA3EE24BF3FD900D3017F /* MemoCell.swift in Sources */,
				D14BC39D24EAE3620075F026 /* RoundInfoCell.swift in Sources */,
				B84C530F24ED54BE00B4CF1D /* User.swift in Sources */,
				D147B40324BDABAA0064B026 /* Card.swift in Sources */,
				B8E9FA7A24B9FC0500A97235 /* ReminderPopViewController.swift in Sources */,
				D147598524AB4DA3006C4122 /* SceneDelegate.swift in Sources */,
				B806015B24E51254006AA9EF /* LogInViewController.swift in Sources */,
				B878A01224D9692400A8C19F /* CameraPopUpViewController.swift in Sources */,
				B81720B324ED39E600DB085D /* GoBackPopUpViewController.swift in Sources */,
				D14B132024C1E92B002E87F2 /* CarouselFlowLayout.swift in Sources */,
				B84697E924D3141D00E56804 /* DeleteAccountViewController.swift in Sources */,
				D781D70224B4A66F00AAE389 /* RoundCollectionViewCell.swift in Sources */,
				D781D6FF24B4A66F00AAE389 /* ReminderPopupViewController.swift in Sources */,
				B8F5636024DB1AD40036C768 /* LogoutPopUpViewController.swift in Sources */,
				D154C46424BEECF700FC95C9 /* UIImage.swift in Sources */,
				D75ECBE624B6BD2500CB46C3 /* RoundStartAlertPopupViewController.swift in Sources */,
				B806015D24E5207E006AA9EF /* SignUpViewController.swift in Sources */,
				D1E5838C24BC96270013FB7C /* UIViewController.swift in Sources */,
				B84697E524D313FB00E56804 /* ProfileViewController.swift in Sources */,
				D160AFAC24E3FD9F00ED09C7 /* ShadowRoundedView.swift in Sources */,
				D14B131E24C1E6D6002E87F2 /* AllRoundCarouselViewController.swift in Sources */,
				D14A633A24EC436E00212B37 /* CardDetailViewController.swift in Sources */,
				B8E9FA8A24BA5C8E00A97235 /* EndProjectPopViewController.swift in Sources */,
			);
			runOnlyForDeploymentPostprocessing = 0;
		};
/* End PBXSourcesBuildPhase section */

/* Begin PBXVariantGroup section */
		D12EC24B24AB4072007E5896 /* LaunchScreen.storyboard */ = {
			isa = PBXVariantGroup;
			children = (
				D12EC24C24AB4072007E5896 /* Base */,
			);
			name = LaunchScreen.storyboard;
			sourceTree = "<group>";
		};
/* End PBXVariantGroup section */

/* Begin XCBuildConfiguration section */
		D12EC24F24AB4072007E5896 /* Debug */ = {
			isa = XCBuildConfiguration;
			buildSettings = {
				ALWAYS_SEARCH_USER_PATHS = NO;
				CLANG_ANALYZER_NONNULL = YES;
				CLANG_ANALYZER_NUMBER_OBJECT_CONVERSION = YES_AGGRESSIVE;
				CLANG_CXX_LANGUAGE_STANDARD = "gnu++14";
				CLANG_CXX_LIBRARY = "libc++";
				CLANG_ENABLE_MODULES = YES;
				CLANG_ENABLE_OBJC_ARC = YES;
				CLANG_ENABLE_OBJC_WEAK = YES;
				CLANG_WARN_BLOCK_CAPTURE_AUTORELEASING = YES;
				CLANG_WARN_BOOL_CONVERSION = YES;
				CLANG_WARN_COMMA = YES;
				CLANG_WARN_CONSTANT_CONVERSION = YES;
				CLANG_WARN_DEPRECATED_OBJC_IMPLEMENTATIONS = YES;
				CLANG_WARN_DIRECT_OBJC_ISA_USAGE = YES_ERROR;
				CLANG_WARN_DOCUMENTATION_COMMENTS = YES;
				CLANG_WARN_EMPTY_BODY = YES;
				CLANG_WARN_ENUM_CONVERSION = YES;
				CLANG_WARN_INFINITE_RECURSION = YES;
				CLANG_WARN_INT_CONVERSION = YES;
				CLANG_WARN_NON_LITERAL_NULL_CONVERSION = YES;
				CLANG_WARN_OBJC_IMPLICIT_RETAIN_SELF = YES;
				CLANG_WARN_OBJC_LITERAL_CONVERSION = YES;
				CLANG_WARN_OBJC_ROOT_CLASS = YES_ERROR;
				CLANG_WARN_RANGE_LOOP_ANALYSIS = YES;
				CLANG_WARN_STRICT_PROTOTYPES = YES;
				CLANG_WARN_SUSPICIOUS_MOVE = YES;
				CLANG_WARN_UNGUARDED_AVAILABILITY = YES_AGGRESSIVE;
				CLANG_WARN_UNREACHABLE_CODE = YES;
				CLANG_WARN__DUPLICATE_METHOD_MATCH = YES;
				COPY_PHASE_STRIP = NO;
				DEBUG_INFORMATION_FORMAT = dwarf;
				ENABLE_STRICT_OBJC_MSGSEND = YES;
				ENABLE_TESTABILITY = YES;
				GCC_C_LANGUAGE_STANDARD = gnu11;
				GCC_DYNAMIC_NO_PIC = NO;
				GCC_NO_COMMON_BLOCKS = YES;
				GCC_OPTIMIZATION_LEVEL = 0;
				GCC_PREPROCESSOR_DEFINITIONS = (
					"DEBUG=1",
					"$(inherited)",
				);
				GCC_WARN_64_TO_32_BIT_CONVERSION = YES;
				GCC_WARN_ABOUT_RETURN_TYPE = YES_ERROR;
				GCC_WARN_UNDECLARED_SELECTOR = YES;
				GCC_WARN_UNINITIALIZED_AUTOS = YES_AGGRESSIVE;
				GCC_WARN_UNUSED_FUNCTION = YES;
				GCC_WARN_UNUSED_VARIABLE = YES;
				IPHONEOS_DEPLOYMENT_TARGET = 13.0;
				MTL_ENABLE_DEBUG_INFO = INCLUDE_SOURCE;
				MTL_FAST_MATH = YES;
				ONLY_ACTIVE_ARCH = YES;
				SDKROOT = iphoneos;
				SWIFT_ACTIVE_COMPILATION_CONDITIONS = DEBUG;
				SWIFT_OPTIMIZATION_LEVEL = "-Onone";
			};
			name = Debug;
		};
		D12EC25024AB4072007E5896 /* Release */ = {
			isa = XCBuildConfiguration;
			buildSettings = {
				ALWAYS_SEARCH_USER_PATHS = NO;
				CLANG_ANALYZER_NONNULL = YES;
				CLANG_ANALYZER_NUMBER_OBJECT_CONVERSION = YES_AGGRESSIVE;
				CLANG_CXX_LANGUAGE_STANDARD = "gnu++14";
				CLANG_CXX_LIBRARY = "libc++";
				CLANG_ENABLE_MODULES = YES;
				CLANG_ENABLE_OBJC_ARC = YES;
				CLANG_ENABLE_OBJC_WEAK = YES;
				CLANG_WARN_BLOCK_CAPTURE_AUTORELEASING = YES;
				CLANG_WARN_BOOL_CONVERSION = YES;
				CLANG_WARN_COMMA = YES;
				CLANG_WARN_CONSTANT_CONVERSION = YES;
				CLANG_WARN_DEPRECATED_OBJC_IMPLEMENTATIONS = YES;
				CLANG_WARN_DIRECT_OBJC_ISA_USAGE = YES_ERROR;
				CLANG_WARN_DOCUMENTATION_COMMENTS = YES;
				CLANG_WARN_EMPTY_BODY = YES;
				CLANG_WARN_ENUM_CONVERSION = YES;
				CLANG_WARN_INFINITE_RECURSION = YES;
				CLANG_WARN_INT_CONVERSION = YES;
				CLANG_WARN_NON_LITERAL_NULL_CONVERSION = YES;
				CLANG_WARN_OBJC_IMPLICIT_RETAIN_SELF = YES;
				CLANG_WARN_OBJC_LITERAL_CONVERSION = YES;
				CLANG_WARN_OBJC_ROOT_CLASS = YES_ERROR;
				CLANG_WARN_RANGE_LOOP_ANALYSIS = YES;
				CLANG_WARN_STRICT_PROTOTYPES = YES;
				CLANG_WARN_SUSPICIOUS_MOVE = YES;
				CLANG_WARN_UNGUARDED_AVAILABILITY = YES_AGGRESSIVE;
				CLANG_WARN_UNREACHABLE_CODE = YES;
				CLANG_WARN__DUPLICATE_METHOD_MATCH = YES;
				COPY_PHASE_STRIP = NO;
				DEBUG_INFORMATION_FORMAT = "dwarf-with-dsym";
				ENABLE_NS_ASSERTIONS = NO;
				ENABLE_STRICT_OBJC_MSGSEND = YES;
				GCC_C_LANGUAGE_STANDARD = gnu11;
				GCC_NO_COMMON_BLOCKS = YES;
				GCC_WARN_64_TO_32_BIT_CONVERSION = YES;
				GCC_WARN_ABOUT_RETURN_TYPE = YES_ERROR;
				GCC_WARN_UNDECLARED_SELECTOR = YES;
				GCC_WARN_UNINITIALIZED_AUTOS = YES_AGGRESSIVE;
				GCC_WARN_UNUSED_FUNCTION = YES;
				GCC_WARN_UNUSED_VARIABLE = YES;
				IPHONEOS_DEPLOYMENT_TARGET = 13.0;
				MTL_ENABLE_DEBUG_INFO = NO;
				MTL_FAST_MATH = YES;
				SDKROOT = iphoneos;
				SWIFT_COMPILATION_MODE = wholemodule;
				SWIFT_OPTIMIZATION_LEVEL = "-O";
				VALIDATE_PRODUCT = YES;
			};
			name = Release;
		};
		D12EC25224AB4072007E5896 /* Debug */ = {
			isa = XCBuildConfiguration;
			baseConfigurationReference = 446905E67F662B2207C7B0E7 /* Pods-STORM.debug.xcconfig */;
			buildSettings = {
				ASSETCATALOG_COMPILER_APPICON_NAME = AppIcon;
				CODE_SIGN_STYLE = Automatic;
				DEVELOPMENT_TEAM = 6D8SYQ63KK;
				FRAMEWORK_SEARCH_PATHS = (
					"$(inherited)",
					"$(PROJECT_DIR)/STORM",
				);
				INFOPLIST_FILE = STORM/Info.plist;
				LD_RUNPATH_SEARCH_PATHS = (
					"$(inherited)",
					"@executable_path/Frameworks",
				);
				PRODUCT_BUNDLE_IDENTIFIER = com.tistory.lsh424.STORM;
				PRODUCT_NAME = "$(TARGET_NAME)";
				SWIFT_VERSION = 5.0;
				TARGETED_DEVICE_FAMILY = 1;
			};
			name = Debug;
		};
		D12EC25324AB4072007E5896 /* Release */ = {
			isa = XCBuildConfiguration;
			baseConfigurationReference = F68B1EA2A7FA6388C84C951E /* Pods-STORM.release.xcconfig */;
			buildSettings = {
				ASSETCATALOG_COMPILER_APPICON_NAME = AppIcon;
				CODE_SIGN_STYLE = Automatic;
				DEVELOPMENT_TEAM = 6D8SYQ63KK;
				FRAMEWORK_SEARCH_PATHS = (
					"$(inherited)",
					"$(PROJECT_DIR)/STORM",
				);
				INFOPLIST_FILE = STORM/Info.plist;
				LD_RUNPATH_SEARCH_PATHS = (
					"$(inherited)",
					"@executable_path/Frameworks",
				);
				PRODUCT_BUNDLE_IDENTIFIER = com.tistory.lsh424.STORM;
				PRODUCT_NAME = "$(TARGET_NAME)";
				SWIFT_VERSION = 5.0;
				TARGETED_DEVICE_FAMILY = 1;
			};
			name = Release;
		};
/* End XCBuildConfiguration section */

/* Begin XCConfigurationList section */
		D12EC23524AB4070007E5896 /* Build configuration list for PBXProject "STORM" */ = {
			isa = XCConfigurationList;
			buildConfigurations = (
				D12EC24F24AB4072007E5896 /* Debug */,
				D12EC25024AB4072007E5896 /* Release */,
			);
			defaultConfigurationIsVisible = 0;
			defaultConfigurationName = Release;
		};
		D12EC25124AB4072007E5896 /* Build configuration list for PBXNativeTarget "STORM" */ = {
			isa = XCConfigurationList;
			buildConfigurations = (
				D12EC25224AB4072007E5896 /* Debug */,
				D12EC25324AB4072007E5896 /* Release */,
			);
			defaultConfigurationIsVisible = 0;
			defaultConfigurationName = Release;
		};
/* End XCConfigurationList section */

/* Begin XCVersionGroup section */
		D12EC24624AB4070007E5896 /* STORM.xcdatamodeld */ = {
			isa = XCVersionGroup;
			children = (
				D12EC24724AB4070007E5896 /* STORM.xcdatamodel */,
			);
			currentVersion = D12EC24724AB4070007E5896 /* STORM.xcdatamodel */;
			path = STORM.xcdatamodeld;
			sourceTree = "<group>";
			versionGroupType = wrapper.xcdatamodel;
		};
/* End XCVersionGroup section */
	};
	rootObject = D12EC23224AB4070007E5896 /* Project object */;
}
